{
  "version": 4,
  "terraform_version": "1.4.2",
  "serial": 282,
  "lineage": "d359b483-cce9-3d02-4f56-e406d12faa55",
  "outputs": {
    "cluster_endpoint": {
      "value": "https://4169991E2386BB4C4D249EE634BAC36C.gr7.eu-central-1.eks.amazonaws.com",
      "type": "string"
    },
    "cluster_name": {
      "value": "main",
      "type": "string"
    },
    "cluster_security_group_id": {
      "value": "main:main-node-group",
      "type": "string"
    },
    "public_node_group_id": {
      "value": "main:main-node-group-public",
      "type": "string"
    }
  },
  "resources": [
    {
      "module": "module.eks",
      "mode": "data",
      "type": "aws_iam_policy_document",
      "name": "assume_workers",
      "provider": "provider[\"registry.terraform.io/hashicorp/aws\"]",
      "instances": [
        {
          "schema_version": 0,
          "attributes": {
            "id": "1903849331",
            "json": "{\n  \"Version\": \"2012-10-17\",\n  \"Statement\": [\n    {\n      \"Sid\": \"\",\n      \"Effect\": \"Allow\",\n      \"Action\": \"sts:AssumeRole\",\n      \"Principal\": {\n        \"Service\": \"ec2.amazonaws.com\"\n      }\n    }\n  ]\n}",
            "override_json": null,
            "override_policy_documents": null,
            "policy_id": null,
            "source_json": null,
            "source_policy_documents": null,
            "statement": [
              {
                "actions": [
                  "sts:AssumeRole"
                ],
                "condition": [],
                "effect": "Allow",
                "not_actions": [],
                "not_principals": [],
                "not_resources": [],
                "principals": [
                  {
                    "identifiers": [
                      "ec2.amazonaws.com"
                    ],
                    "type": "Service"
                  }
                ],
                "resources": [],
                "sid": ""
              }
            ],
            "version": "2012-10-17"
          },
          "sensitive_attributes": []
        }
      ]
    },
    {
      "module": "module.eks",
      "mode": "data",
      "type": "external",
      "name": "thumb",
      "provider": "provider[\"registry.terraform.io/hashicorp/external\"]",
      "instances": [
        {
          "schema_version": 0,
          "attributes": {
            "id": "-",
            "program": [
              "kubergrunt",
              "eks",
              "oidc-thumbprint",
              "--issuer-url",
              "https://oidc.eks.eu-central-1.amazonaws.com/id/4169991E2386BB4C4D249EE634BAC36C"
            ],
            "query": null,
            "result": {
              "thumbprint": "9e99a48a9960b14926bb7f3b02e22da2b0ab7280"
            },
            "working_dir": null
          },
          "sensitive_attributes": []
        }
      ]
    },
    {
      "module": "module.eks",
      "mode": "managed",
      "type": "aws_eks_cluster",
      "name": "main",
      "provider": "provider[\"registry.terraform.io/hashicorp/aws\"]",
      "instances": [
        {
          "schema_version": 0,
          "attributes": {
            "arn": "arn:aws:eks:eu-central-1:839821061981:cluster/main",
            "certificate_authority": [
              {
                "data": "LS0tLS1CRUdJTiBDRVJUSUZJQ0FURS0tLS0tCk1JSUMvakNDQWVhZ0F3SUJBZ0lCQURBTkJna3Foa2lHOXcwQkFRc0ZBREFWTVJNd0VRWURWUVFERXdwcmRXSmwKY201bGRHVnpNQjRYRFRJek1ETXlNVEl4TXpZeU5sb1hEVE16TURNeE9ESXhNell5Tmxvd0ZURVRNQkVHQTFVRQpBeE1LYTNWaVpYSnVaWFJsY3pDQ0FTSXdEUVlKS29aSWh2Y05BUUVCQlFBRGdnRVBBRENDQVFvQ2dnRUJBTWhECkxzMEhrbUxZdHM3QXc3YVQwYzJDOVRGUzk3ekZuN0kzN2tzUTF4RTd3SHUrQ2owZzFiSmJlQkJoTGkzc3BHNzMKalk5a0dFdDRxNEgvQkRjUUNlaUFmQU1hQ2lZb0xsMDZDWEdwVUI2TlpoWkhVcS9rVmFYUEJUVVp6ekpDdmZKVQozUUM0bE1BaFJwSVpWdXB2RzRuQ2c1MEl0R3ZTQzFHYVdWV2NPMkdiVStsSUF6ZmxQSFJZQUFla0JJVWkrYUh0CkhiSW9XME5IZnYzQlVzanA5ZUhwUzE1T2gzQ0J4NDkzNENrdzNKalJYLytqK3luMnlMTGhqNE1vUEVpWUlSZ1gKZGEvSmtQeit2ckJjR1NMdXdxVm1ueUZZSWRSdGFGVjdXdTBtMHhMbWtJUnYxbG5XUjdOOHM3YmlDOStnRlc0Rwp6UG1zVTBsVGNyeXkrOWVybG5rQ0F3RUFBYU5aTUZjd0RnWURWUjBQQVFIL0JBUURBZ0trTUE4R0ExVWRFd0VCCi93UUZNQU1CQWY4d0hRWURWUjBPQkJZRUZOdUN5aW9YN2tVa05LRytGeDIyYnBiVVFUanpNQlVHQTFVZEVRUU8KTUF5Q0NtdDFZbVZ5Ym1WMFpYTXdEUVlKS29aSWh2Y05BUUVMQlFBRGdnRUJBQ1Y3dy9VeVNzeUZRaXBPdUxrLwphb0dyZ0JUTmVFN2FoKzdPWFdYNWxjYXhWbkREUEVUSklXVU9ncGtkZTFQZjFtaU9zVEJJakdaMXljMFNBUTFtCktzaGFzRU1qUFBReG03RVZpa3dZUExxUTN0Q0xTVERyQ2YrVDZBNXJ4UU9KOUs5ckhQd0JCc0xPaE4vaklna2sKYVRKQ0RleFBkaUFvS3pVNzdFeWZvN0xIWWxGQVlYdUNyYTFmNXpLRGtsYjR0K0cyT0w3eFAzMDFQRzc2aHduSQo5ZVEyTG9DRmZxMDZkckpJbUtYSXpJWWlOUmdLRDd1NHlOaUMzSHVEaER0RWxpVW4zZ2RDUTBoK1EyTzdtT3hSCkwrRmg0WTBMTUIzSjBFK0lBdUkrNmN3N09CSEcvZkRzdEwxcGdVZ0ljWjEwZGU0U1FKNTdsVHhDVmVRblZBakoKTzBVPQotLS0tLUVORCBDRVJUSUZJQ0FURS0tLS0tCg=="
              }
            ],
            "cluster_id": null,
            "created_at": "2023-03-21 21:30:59.545 +0000 UTC",
            "enabled_cluster_log_types": null,
            "encryption_config": [],
            "endpoint": "https://4169991E2386BB4C4D249EE634BAC36C.gr7.eu-central-1.eks.amazonaws.com",
            "id": "main",
            "identity": [
              {
                "oidc": [
                  {
                    "issuer": "https://oidc.eks.eu-central-1.amazonaws.com/id/4169991E2386BB4C4D249EE634BAC36C"
                  }
                ]
              }
            ],
            "kubernetes_network_config": [
              {
                "ip_family": "ipv4",
                "service_ipv4_cidr": "172.20.0.0/16",
                "service_ipv6_cidr": ""
              }
            ],
            "name": "main",
            "outpost_config": [],
            "platform_version": "eks.1",
            "role_arn": "arn:aws:iam::839821061981:role/main-cluster",
            "status": "ACTIVE",
            "tags": null,
            "tags_all": {},
            "timeouts": null,
            "version": "1.25",
            "vpc_config": [
              {
                "cluster_security_group_id": "sg-03a30c28b2eed591d",
                "endpoint_private_access": true,
                "endpoint_public_access": true,
                "public_access_cidrs": [
                  "0.0.0.0/0"
                ],
                "security_group_ids": [
                  "sg-05f4f66dceaa4bf50",
                  "sg-087bb7cd80951edb7"
                ],
                "subnet_ids": [
                  "subnet-042307166cf58c6ab",
                  "subnet-04723ed1bc98cde1a",
                  "subnet-0a063fd2aacafbd2c",
                  "subnet-0ff84b7185f876a3f"
                ],
                "vpc_id": "vpc-014feb4b0bd1dcd6f"
              }
            ]
          },
          "sensitive_attributes": [],
          "private": "eyJlMmJmYjczMC1lY2FhLTExZTYtOGY4OC0zNDM2M2JjN2M0YzAiOnsiY3JlYXRlIjoxODAwMDAwMDAwMDAwLCJkZWxldGUiOjkwMDAwMDAwMDAwMCwidXBkYXRlIjozNjAwMDAwMDAwMDAwfX0=",
          "dependencies": [
            "module.eks.aws_iam_role.eks_cluster",
            "module.eks.aws_iam_role_policy_attachment.aws_eks_cluster_policy",
            "module.eks.aws_security_group.eks_cluster",
            "module.eks.aws_security_group.eks_nodes",
            "module.vpc_for_eks.aws_subnet.private_subnet",
            "module.vpc_for_eks.aws_subnet.public_subnet",
            "module.vpc_for_eks.aws_vpc.main"
          ]
        }
      ]
    },
    {
      "module": "module.eks",
      "mode": "managed",
      "type": "aws_eks_node_group",
      "name": "main",
      "provider": "provider[\"registry.terraform.io/hashicorp/aws\"]",
      "instances": [
        {
          "schema_version": 0,
          "attributes": {
            "ami_type": "AL2_x86_64",
            "arn": "arn:aws:eks:eu-central-1:839821061981:nodegroup/main/main-node-group/8ac3830f-19ec-a258-269f-7b93a8813d17",
            "capacity_type": "ON_DEMAND",
            "cluster_name": "main",
            "disk_size": 20,
            "force_update_version": null,
            "id": "main:main-node-group",
            "instance_types": [
              "t3.medium"
            ],
            "labels": null,
            "launch_template": [],
            "node_group_name": "main-node-group",
            "node_group_name_prefix": "",
            "node_role_arn": "arn:aws:iam::839821061981:role/main-worker",
            "release_version": "1.25.6-20230304",
            "remote_access": [],
            "resources": [
              {
                "autoscaling_groups": [
                  {
                    "name": "eks-main-node-group-8ac3830f-19ec-a258-269f-7b93a8813d17"
                  }
                ],
                "remote_access_security_group_id": ""
              }
            ],
            "scaling_config": [
              {
                "desired_size": 3,
                "max_size": 8,
                "min_size": 2
              }
            ],
            "status": "ACTIVE",
            "subnet_ids": [
              "subnet-042307166cf58c6ab",
              "subnet-0ff84b7185f876a3f"
            ],
            "tags": {
              "Name": "main-node-group"
            },
            "tags_all": {
              "Name": "main-node-group"
            },
            "taint": [],
            "timeouts": null,
            "update_config": [
              {
                "max_unavailable": 1,
                "max_unavailable_percentage": 0
              }
            ],
            "version": "1.25"
          },
          "sensitive_attributes": [],
          "private": "eyJlMmJmYjczMC1lY2FhLTExZTYtOGY4OC0zNDM2M2JjN2M0YzAiOnsiY3JlYXRlIjozNjAwMDAwMDAwMDAwLCJkZWxldGUiOjM2MDAwMDAwMDAwMDAsInVwZGF0ZSI6MzYwMDAwMDAwMDAwMH19",
          "dependencies": [
            "module.eks.aws_eks_cluster.main",
            "module.eks.aws_iam_role.eks_cluster",
            "module.eks.aws_iam_role.eks_nodes",
            "module.eks.aws_iam_role_policy_attachment.aws_eks_cluster_policy",
            "module.eks.aws_iam_role_policy_attachment.aws_eks_cni_policy",
            "module.eks.aws_iam_role_policy_attachment.aws_eks_worker_node_policy",
            "module.eks.aws_iam_role_policy_attachment.ec2_read_only",
            "module.eks.aws_security_group.eks_cluster",
            "module.eks.aws_security_group.eks_nodes",
            "module.eks.data.aws_iam_policy_document.assume_workers",
            "module.vpc_for_eks.aws_subnet.private_subnet",
            "module.vpc_for_eks.aws_subnet.public_subnet",
            "module.vpc_for_eks.aws_vpc.main"
          ]
        }
      ]
    },
    {
      "module": "module.eks",
      "mode": "managed",
      "type": "aws_eks_node_group",
      "name": "public",
      "provider": "provider[\"registry.terraform.io/hashicorp/aws\"]",
      "instances": [
        {
          "schema_version": 0,
          "attributes": {
            "ami_type": "AL2_x86_64",
            "arn": "arn:aws:eks:eu-central-1:839821061981:nodegroup/main/main-node-group-public/40c3830f-19ef-197e-0868-690cc1a24fc5",
            "capacity_type": "ON_DEMAND",
            "cluster_name": "main",
            "disk_size": 20,
            "force_update_version": null,
            "id": "main:main-node-group-public",
            "instance_types": [
              "t3.medium"
            ],
            "labels": null,
            "launch_template": [],
            "node_group_name": "main-node-group-public",
            "node_group_name_prefix": "",
            "node_role_arn": "arn:aws:iam::839821061981:role/main-worker",
            "release_version": "1.25.6-20230304",
            "remote_access": [],
            "resources": [
              {
                "autoscaling_groups": [
                  {
                    "name": "eks-main-node-group-public-40c3830f-19ef-197e-0868-690cc1a24fc5"
                  }
                ],
                "remote_access_security_group_id": ""
              }
            ],
            "scaling_config": [
              {
                "desired_size": 1,
                "max_size": 2,
                "min_size": 1
              }
            ],
            "status": "ACTIVE",
            "subnet_ids": [
              "subnet-04723ed1bc98cde1a",
              "subnet-0a063fd2aacafbd2c"
            ],
            "tags": {
              "Name": "main-node-group-public"
            },
            "tags_all": {
              "Name": "main-node-group-public"
            },
            "taint": [],
            "timeouts": null,
            "update_config": [
              {
                "max_unavailable": 1,
                "max_unavailable_percentage": 0
              }
            ],
            "version": "1.25"
          },
          "sensitive_attributes": [],
          "private": "eyJlMmJmYjczMC1lY2FhLTExZTYtOGY4OC0zNDM2M2JjN2M0YzAiOnsiY3JlYXRlIjozNjAwMDAwMDAwMDAwLCJkZWxldGUiOjM2MDAwMDAwMDAwMDAsInVwZGF0ZSI6MzYwMDAwMDAwMDAwMH19",
          "dependencies": [
            "module.eks.aws_eks_cluster.main",
            "module.eks.aws_iam_role.eks_cluster",
            "module.eks.aws_iam_role.eks_nodes",
            "module.eks.aws_iam_role_policy_attachment.aws_eks_cluster_policy",
            "module.eks.aws_iam_role_policy_attachment.aws_eks_cni_policy",
            "module.eks.aws_iam_role_policy_attachment.aws_eks_worker_node_policy",
            "module.eks.aws_iam_role_policy_attachment.ec2_read_only",
            "module.eks.aws_security_group.eks_cluster",
            "module.eks.aws_security_group.eks_nodes",
            "module.eks.data.aws_iam_policy_document.assume_workers",
            "module.vpc_for_eks.aws_subnet.private_subnet",
            "module.vpc_for_eks.aws_subnet.public_subnet",
            "module.vpc_for_eks.aws_vpc.main"
          ]
        }
      ]
    },
    {
      "module": "module.eks",
      "mode": "managed",
      "type": "aws_iam_openid_connect_provider",
      "name": "main",
      "provider": "provider[\"registry.terraform.io/hashicorp/aws\"]",
      "instances": [
        {
          "schema_version": 0,
          "attributes": {
            "arn": "arn:aws:iam::839821061981:oidc-provider/oidc.eks.eu-central-1.amazonaws.com/id/4169991E2386BB4C4D249EE634BAC36C",
            "client_id_list": [
              "sts.amazonaws.com"
            ],
            "id": "arn:aws:iam::839821061981:oidc-provider/oidc.eks.eu-central-1.amazonaws.com/id/4169991E2386BB4C4D249EE634BAC36C",
            "tags": null,
            "tags_all": {},
            "thumbprint_list": [
              "9e99a48a9960b14926bb7f3b02e22da2b0ab7280"
            ],
            "url": "oidc.eks.eu-central-1.amazonaws.com/id/4169991E2386BB4C4D249EE634BAC36C"
          },
          "sensitive_attributes": [],
          "private": "bnVsbA==",
          "dependencies": [
            "module.eks.aws_eks_cluster.main",
            "module.eks.aws_iam_role.eks_cluster",
            "module.eks.aws_iam_role_policy_attachment.aws_eks_cluster_policy",
            "module.eks.aws_security_group.eks_cluster",
            "module.eks.aws_security_group.eks_nodes",
            "module.eks.data.external.thumb",
            "module.vpc_for_eks.aws_subnet.private_subnet",
            "module.vpc_for_eks.aws_subnet.public_subnet",
            "module.vpc_for_eks.aws_vpc.main"
          ]
        }
      ]
    },
    {
      "module": "module.eks",
      "mode": "managed",
      "type": "aws_iam_role",
      "name": "eks_cluster",
      "provider": "provider[\"registry.terraform.io/hashicorp/aws\"]",
      "instances": [
        {
          "schema_version": 0,
          "attributes": {
            "arn": "arn:aws:iam::839821061981:role/main-cluster",
            "assume_role_policy": "{\"Statement\":[{\"Action\":\"sts:AssumeRole\",\"Effect\":\"Allow\",\"Principal\":{\"Service\":\"eks.amazonaws.com\"}}],\"Version\":\"2012-10-17\"}",
            "create_date": "2023-03-21T21:30:34Z",
            "description": "",
            "force_detach_policies": false,
            "id": "main-cluster",
            "inline_policy": [],
            "managed_policy_arns": [],
            "max_session_duration": 3600,
            "name": "main-cluster",
            "name_prefix": "",
            "path": "/",
            "permissions_boundary": null,
            "tags": null,
            "tags_all": {},
            "unique_id": "AROA4HCJ4N5OV4V4Q4KWJ"
          },
          "sensitive_attributes": [],
          "private": "bnVsbA=="
        }
      ]
    },
    {
      "module": "module.eks",
      "mode": "managed",
      "type": "aws_iam_role",
      "name": "eks_nodes",
      "provider": "provider[\"registry.terraform.io/hashicorp/aws\"]",
      "instances": [
        {
          "schema_version": 0,
          "attributes": {
            "arn": "arn:aws:iam::839821061981:role/main-worker",
            "assume_role_policy": "{\"Statement\":[{\"Action\":\"sts:AssumeRole\",\"Effect\":\"Allow\",\"Principal\":{\"Service\":\"ec2.amazonaws.com\"},\"Sid\":\"\"}],\"Version\":\"2012-10-17\"}",
            "create_date": "2023-03-21T21:30:34Z",
            "description": "",
            "force_detach_policies": false,
            "id": "main-worker",
            "inline_policy": [],
            "managed_policy_arns": [],
            "max_session_duration": 3600,
            "name": "main-worker",
            "name_prefix": "",
            "path": "/",
            "permissions_boundary": null,
            "tags": null,
            "tags_all": {},
            "unique_id": "AROA4HCJ4N5OXK7B5HNOF"
          },
          "sensitive_attributes": [],
          "private": "bnVsbA==",
          "dependencies": [
            "module.eks.data.aws_iam_policy_document.assume_workers"
          ]
        }
      ]
    },
    {
      "module": "module.eks",
      "mode": "managed",
      "type": "aws_iam_role_policy_attachment",
      "name": "aws_eks_cluster_policy",
      "provider": "provider[\"registry.terraform.io/hashicorp/aws\"]",
      "instances": [
        {
          "schema_version": 0,
          "attributes": {
            "id": "main-cluster-20230321213035643400000001",
            "policy_arn": "arn:aws:iam::aws:policy/AmazonEKSClusterPolicy",
            "role": "main-cluster"
          },
          "sensitive_attributes": [],
          "private": "bnVsbA==",
          "dependencies": [
            "module.eks.aws_iam_role.eks_cluster"
          ]
        }
      ]
    },
    {
      "module": "module.eks",
      "mode": "managed",
      "type": "aws_iam_role_policy_attachment",
      "name": "aws_eks_cni_policy",
      "provider": "provider[\"registry.terraform.io/hashicorp/aws\"]",
      "instances": [
        {
          "schema_version": 0,
          "attributes": {
            "id": "main-worker-20230321213035864200000004",
            "policy_arn": "arn:aws:iam::aws:policy/AmazonEKS_CNI_Policy",
            "role": "main-worker"
          },
          "sensitive_attributes": [],
          "private": "bnVsbA==",
          "dependencies": [
            "module.eks.aws_iam_role.eks_nodes",
            "module.eks.data.aws_iam_policy_document.assume_workers"
          ]
        }
      ]
    },
    {
      "module": "module.eks",
      "mode": "managed",
      "type": "aws_iam_role_policy_attachment",
      "name": "aws_eks_worker_node_policy",
      "provider": "provider[\"registry.terraform.io/hashicorp/aws\"]",
      "instances": [
        {
          "schema_version": 0,
          "attributes": {
            "id": "main-worker-20230321213035856500000003",
            "policy_arn": "arn:aws:iam::aws:policy/AmazonEKSWorkerNodePolicy",
            "role": "main-worker"
          },
          "sensitive_attributes": [],
          "private": "bnVsbA==",
          "dependencies": [
            "module.eks.aws_iam_role.eks_nodes",
            "module.eks.data.aws_iam_policy_document.assume_workers"
          ]
        }
      ]
    },
    {
      "module": "module.eks",
      "mode": "managed",
      "type": "aws_iam_role_policy_attachment",
      "name": "ec2_read_only",
      "provider": "provider[\"registry.terraform.io/hashicorp/aws\"]",
      "instances": [
        {
          "schema_version": 0,
          "attributes": {
            "id": "main-worker-20230321213035653400000002",
            "policy_arn": "arn:aws:iam::aws:policy/AmazonEC2ContainerRegistryReadOnly",
            "role": "main-worker"
          },
          "sensitive_attributes": [],
          "private": "bnVsbA==",
          "dependencies": [
            "module.eks.aws_iam_role.eks_nodes",
            "module.eks.data.aws_iam_policy_document.assume_workers"
          ]
        }
      ]
    },
    {
      "module": "module.eks",
      "mode": "managed",
      "type": "aws_security_group",
      "name": "eks_cluster",
      "provider": "provider[\"registry.terraform.io/hashicorp/aws\"]",
      "instances": [
        {
          "schema_version": 1,
          "attributes": {
            "arn": "arn:aws:ec2:eu-central-1:839821061981:security-group/sg-087bb7cd80951edb7",
            "description": "Cluster communication with worker nodes",
            "egress": [],
            "id": "sg-087bb7cd80951edb7",
            "ingress": [],
            "name": "main-cluster-sg",
            "name_prefix": "",
            "owner_id": "839821061981",
            "revoke_rules_on_delete": false,
            "tags": {
              "Name": "main-cluster-sg"
            },
            "tags_all": {
              "Name": "main-cluster-sg"
            },
            "timeouts": null,
            "vpc_id": "vpc-014feb4b0bd1dcd6f"
          },
          "sensitive_attributes": [],
          "private": "eyJlMmJmYjczMC1lY2FhLTExZTYtOGY4OC0zNDM2M2JjN2M0YzAiOnsiY3JlYXRlIjo2MDAwMDAwMDAwMDAsImRlbGV0ZSI6OTAwMDAwMDAwMDAwfSwic2NoZW1hX3ZlcnNpb24iOiIxIn0=",
          "dependencies": [
            "module.vpc_for_eks.aws_vpc.main"
          ]
        }
      ]
    },
    {
      "module": "module.eks",
      "mode": "managed",
      "type": "aws_security_group",
      "name": "eks_nodes",
      "provider": "provider[\"registry.terraform.io/hashicorp/aws\"]",
      "instances": [
        {
          "schema_version": 1,
          "attributes": {
            "arn": "arn:aws:ec2:eu-central-1:839821061981:security-group/sg-05f4f66dceaa4bf50",
            "description": "Security group for all nodes in the cluster",
            "egress": [
              {
                "cidr_blocks": [
                  "0.0.0.0/0"
                ],
                "description": "",
                "from_port": 0,
                "ipv6_cidr_blocks": [],
                "prefix_list_ids": [],
                "protocol": "-1",
                "security_groups": [],
                "self": false,
                "to_port": 0
              }
            ],
            "id": "sg-05f4f66dceaa4bf50",
            "ingress": [],
            "name": "main-node-sg",
            "name_prefix": "",
            "owner_id": "839821061981",
            "revoke_rules_on_delete": false,
            "tags": {
              "Name": "main-node-sg",
              "kubernetes.io/cluster/main": "owned"
            },
            "tags_all": {
              "Name": "main-node-sg",
              "kubernetes.io/cluster/main": "owned"
            },
            "timeouts": null,
            "vpc_id": "vpc-014feb4b0bd1dcd6f"
          },
          "sensitive_attributes": [],
          "private": "eyJlMmJmYjczMC1lY2FhLTExZTYtOGY4OC0zNDM2M2JjN2M0YzAiOnsiY3JlYXRlIjo2MDAwMDAwMDAwMDAsImRlbGV0ZSI6OTAwMDAwMDAwMDAwfSwic2NoZW1hX3ZlcnNpb24iOiIxIn0=",
          "dependencies": [
            "module.vpc_for_eks.aws_vpc.main"
          ]
        }
      ]
    },
    {
      "module": "module.eks",
      "mode": "managed",
      "type": "aws_security_group_rule",
      "name": "cluster_inbound",
      "provider": "provider[\"registry.terraform.io/hashicorp/aws\"]",
      "instances": [
        {
          "schema_version": 2,
          "attributes": {
            "cidr_blocks": null,
            "description": "Allow worker nodes to communicate with the cluster API Server",
            "from_port": 443,
            "id": "sgrule-2003023321",
            "ipv6_cidr_blocks": null,
            "prefix_list_ids": null,
            "protocol": "tcp",
            "security_group_id": "sg-087bb7cd80951edb7",
            "security_group_rule_id": "sgr-03baf49592c3a336e",
            "self": false,
            "source_security_group_id": "sg-05f4f66dceaa4bf50",
            "timeouts": null,
            "to_port": 443,
            "type": "ingress"
          },
          "sensitive_attributes": [],
          "private": "eyJlMmJmYjczMC1lY2FhLTExZTYtOGY4OC0zNDM2M2JjN2M0YzAiOnsiY3JlYXRlIjozMDAwMDAwMDAwMDB9LCJzY2hlbWFfdmVyc2lvbiI6IjIifQ==",
          "dependencies": [
            "module.eks.aws_security_group.eks_cluster",
            "module.eks.aws_security_group.eks_nodes",
            "module.vpc_for_eks.aws_vpc.main"
          ]
        }
      ]
    },
    {
      "module": "module.eks",
      "mode": "managed",
      "type": "aws_security_group_rule",
      "name": "cluster_outbound",
      "provider": "provider[\"registry.terraform.io/hashicorp/aws\"]",
      "instances": [
        {
          "schema_version": 2,
          "attributes": {
            "cidr_blocks": null,
            "description": "Allow cluster API Server to communicate with the worker nodes",
            "from_port": 1024,
            "id": "sgrule-1781438350",
            "ipv6_cidr_blocks": null,
            "prefix_list_ids": null,
            "protocol": "tcp",
            "security_group_id": "sg-087bb7cd80951edb7",
            "security_group_rule_id": "sgr-050bb3cc9874dea8f",
            "self": false,
            "source_security_group_id": "sg-05f4f66dceaa4bf50",
            "timeouts": null,
            "to_port": 65535,
            "type": "egress"
          },
          "sensitive_attributes": [],
          "private": "eyJlMmJmYjczMC1lY2FhLTExZTYtOGY4OC0zNDM2M2JjN2M0YzAiOnsiY3JlYXRlIjozMDAwMDAwMDAwMDB9LCJzY2hlbWFfdmVyc2lvbiI6IjIifQ==",
          "dependencies": [
            "module.eks.aws_security_group.eks_cluster",
            "module.eks.aws_security_group.eks_nodes",
            "module.vpc_for_eks.aws_vpc.main"
          ]
        }
      ]
    },
    {
      "module": "module.eks",
      "mode": "managed",
      "type": "aws_security_group_rule",
      "name": "nodes",
      "provider": "provider[\"registry.terraform.io/hashicorp/aws\"]",
      "instances": [
        {
          "schema_version": 2,
          "attributes": {
            "cidr_blocks": null,
            "description": "Allow nodes to communicate with each other",
            "from_port": 0,
            "id": "sgrule-1506135913",
            "ipv6_cidr_blocks": null,
            "prefix_list_ids": null,
            "protocol": "-1",
            "security_group_id": "sg-05f4f66dceaa4bf50",
            "security_group_rule_id": "sgr-01c6ca965da6d84c0",
            "self": false,
            "source_security_group_id": "sg-05f4f66dceaa4bf50",
            "timeouts": null,
            "to_port": 65535,
            "type": "ingress"
          },
          "sensitive_attributes": [],
          "private": "eyJlMmJmYjczMC1lY2FhLTExZTYtOGY4OC0zNDM2M2JjN2M0YzAiOnsiY3JlYXRlIjozMDAwMDAwMDAwMDB9LCJzY2hlbWFfdmVyc2lvbiI6IjIifQ==",
          "dependencies": [
            "module.eks.aws_security_group.eks_nodes",
            "module.vpc_for_eks.aws_vpc.main"
          ]
        }
      ]
    },
    {
      "module": "module.eks",
      "mode": "managed",
      "type": "aws_security_group_rule",
      "name": "nodes_inbound",
      "provider": "provider[\"registry.terraform.io/hashicorp/aws\"]",
      "instances": [
        {
          "schema_version": 2,
          "attributes": {
            "cidr_blocks": null,
            "description": "Allow worker Kubelets and pods to receive communication from the cluster control plane",
            "from_port": 1025,
            "id": "sgrule-3363049092",
            "ipv6_cidr_blocks": null,
            "prefix_list_ids": null,
            "protocol": "tcp",
            "security_group_id": "sg-05f4f66dceaa4bf50",
            "security_group_rule_id": "sgr-09dc536e4a4ecd94a",
            "self": false,
            "source_security_group_id": "sg-087bb7cd80951edb7",
            "timeouts": null,
            "to_port": 65535,
            "type": "ingress"
          },
          "sensitive_attributes": [],
          "private": "eyJlMmJmYjczMC1lY2FhLTExZTYtOGY4OC0zNDM2M2JjN2M0YzAiOnsiY3JlYXRlIjozMDAwMDAwMDAwMDB9LCJzY2hlbWFfdmVyc2lvbiI6IjIifQ==",
          "dependencies": [
            "module.eks.aws_security_group.eks_cluster",
            "module.eks.aws_security_group.eks_nodes",
            "module.vpc_for_eks.aws_vpc.main"
          ]
        }
      ]
    },
    {
      "module": "module.vpc_for_eks",
      "mode": "managed",
      "type": "aws_eip",
      "name": "main",
      "provider": "provider[\"registry.terraform.io/hashicorp/aws\"]",
      "instances": [
        {
          "schema_version": 0,
          "attributes": {
            "address": null,
            "allocation_id": "eipalloc-00aa502465e7e44be",
            "associate_with_private_ip": null,
            "association_id": "",
            "carrier_ip": "",
            "customer_owned_ip": "",
            "customer_owned_ipv4_pool": "",
            "domain": "vpc",
            "id": "eipalloc-00aa502465e7e44be",
            "instance": "",
            "network_border_group": "eu-central-1",
            "network_interface": "",
            "private_dns": null,
            "private_ip": "",
            "public_dns": "ec2-35-158-198-156.eu-central-1.compute.amazonaws.com",
            "public_ip": "35.158.198.156",
            "public_ipv4_pool": "amazon",
            "tags": null,
            "tags_all": {},
            "timeouts": null,
            "vpc": true
          },
          "sensitive_attributes": [],
          "private": "eyJlMmJmYjczMC1lY2FhLTExZTYtOGY4OC0zNDM2M2JjN2M0YzAiOnsiZGVsZXRlIjoxODAwMDAwMDAwMDAsInJlYWQiOjkwMDAwMDAwMDAwMCwidXBkYXRlIjozMDAwMDAwMDAwMDB9fQ=="
        }
      ]
    },
    {
      "module": "module.vpc_for_eks",
      "mode": "managed",
      "type": "aws_internet_gateway",
      "name": "igw",
      "provider": "provider[\"registry.terraform.io/hashicorp/aws\"]",
      "instances": [
        {
          "schema_version": 0,
          "attributes": {
            "arn": "arn:aws:ec2:eu-central-1:839821061981:internet-gateway/igw-0e0f6843a616873d5",
            "id": "igw-0e0f6843a616873d5",
            "owner_id": "839821061981",
            "tags": {
              "Name": "main-vpc"
            },
            "tags_all": {
              "Name": "main-vpc"
            },
            "timeouts": null,
            "vpc_id": "vpc-014feb4b0bd1dcd6f"
          },
          "sensitive_attributes": [],
          "private": "eyJlMmJmYjczMC1lY2FhLTExZTYtOGY4OC0zNDM2M2JjN2M0YzAiOnsiY3JlYXRlIjoxMjAwMDAwMDAwMDAwLCJkZWxldGUiOjEyMDAwMDAwMDAwMDAsInVwZGF0ZSI6MTIwMDAwMDAwMDAwMH19",
          "dependencies": [
            "module.vpc_for_eks.aws_vpc.main"
          ]
        }
      ]
    },
    {
      "module": "module.vpc_for_eks",
      "mode": "managed",
      "type": "aws_nat_gateway",
      "name": "main",
      "provider": "provider[\"registry.terraform.io/hashicorp/aws\"]",
      "instances": [
        {
          "schema_version": 0,
          "attributes": {
            "allocation_id": "eipalloc-00aa502465e7e44be",
            "connectivity_type": "public",
            "id": "nat-02a77c53c3f33aa2d",
            "network_interface_id": "eni-06777911031881ae7",
            "private_ip": "10.0.2.68",
            "public_ip": "35.158.198.156",
            "subnet_id": "subnet-04723ed1bc98cde1a",
            "tags": {
              "Name": "NAT Gateway for Custom Kubernetes Cluster"
            },
            "tags_all": {
              "Name": "NAT Gateway for Custom Kubernetes Cluster"
            }
          },
          "sensitive_attributes": [],
          "private": "bnVsbA==",
          "dependencies": [
            "module.vpc_for_eks.aws_eip.main",
            "module.vpc_for_eks.aws_subnet.public_subnet",
            "module.vpc_for_eks.aws_vpc.main"
          ]
        }
      ]
    },
    {
      "module": "module.vpc_for_eks",
      "mode": "managed",
      "type": "aws_route",
      "name": "main",
      "provider": "provider[\"registry.terraform.io/hashicorp/aws\"]",
      "instances": [
        {
          "schema_version": 0,
          "attributes": {
            "carrier_gateway_id": "",
            "core_network_arn": "",
            "destination_cidr_block": "0.0.0.0/0",
            "destination_ipv6_cidr_block": "",
            "destination_prefix_list_id": "",
            "egress_only_gateway_id": "",
            "gateway_id": "",
            "id": "r-rtb-018e97079c1c7d91c1080289494",
            "instance_id": "",
            "instance_owner_id": "",
            "local_gateway_id": "",
            "nat_gateway_id": "nat-02a77c53c3f33aa2d",
            "network_interface_id": "",
            "origin": "CreateRoute",
            "route_table_id": "rtb-018e97079c1c7d91c",
            "state": "active",
            "timeouts": null,
            "transit_gateway_id": "",
            "vpc_endpoint_id": "",
            "vpc_peering_connection_id": ""
          },
          "sensitive_attributes": [],
          "private": "eyJlMmJmYjczMC1lY2FhLTExZTYtOGY4OC0zNDM2M2JjN2M0YzAiOnsiY3JlYXRlIjozMDAwMDAwMDAwMDAsImRlbGV0ZSI6MzAwMDAwMDAwMDAwLCJ1cGRhdGUiOjEyMDAwMDAwMDAwMH19",
          "dependencies": [
            "module.vpc_for_eks.aws_eip.main",
            "module.vpc_for_eks.aws_nat_gateway.main",
            "module.vpc_for_eks.aws_subnet.public_subnet",
            "module.vpc_for_eks.aws_vpc.main"
          ]
        }
      ]
    },
    {
      "module": "module.vpc_for_eks",
      "mode": "managed",
      "type": "aws_route_table",
      "name": "main",
      "provider": "provider[\"registry.terraform.io/hashicorp/aws\"]",
      "instances": [
        {
          "schema_version": 0,
          "attributes": {
            "arn": "arn:aws:ec2:eu-central-1:839821061981:route-table/rtb-0fb68438bff19f9b3",
            "id": "rtb-0fb68438bff19f9b3",
            "owner_id": "839821061981",
            "propagating_vgws": [],
            "route": [
              {
                "carrier_gateway_id": "",
                "cidr_block": "0.0.0.0/0",
                "core_network_arn": "",
                "destination_prefix_list_id": "",
                "egress_only_gateway_id": "",
                "gateway_id": "igw-0e0f6843a616873d5",
                "instance_id": "",
                "ipv6_cidr_block": "",
                "local_gateway_id": "",
                "nat_gateway_id": "",
                "network_interface_id": "",
                "transit_gateway_id": "",
                "vpc_endpoint_id": "",
                "vpc_peering_connection_id": ""
              }
            ],
            "tags": {
              "Name": "main"
            },
            "tags_all": {
              "Name": "main"
            },
            "timeouts": null,
            "vpc_id": "vpc-014feb4b0bd1dcd6f"
          },
          "sensitive_attributes": [],
          "private": "eyJlMmJmYjczMC1lY2FhLTExZTYtOGY4OC0zNDM2M2JjN2M0YzAiOnsiY3JlYXRlIjozMDAwMDAwMDAwMDAsImRlbGV0ZSI6MzAwMDAwMDAwMDAwLCJ1cGRhdGUiOjEyMDAwMDAwMDAwMH19",
          "dependencies": [
            "module.vpc_for_eks.aws_internet_gateway.igw",
            "module.vpc_for_eks.aws_vpc.main"
          ]
        }
      ]
    },
    {
      "module": "module.vpc_for_eks",
      "mode": "managed",
      "type": "aws_route_table_association",
      "name": "internet_access",
      "provider": "provider[\"registry.terraform.io/hashicorp/aws\"]",
      "instances": [
        {
          "index_key": 0,
          "schema_version": 0,
          "attributes": {
            "gateway_id": "",
            "id": "rtbassoc-03f19a46a7723fa05",
            "route_table_id": "rtb-0fb68438bff19f9b3",
            "subnet_id": "subnet-04723ed1bc98cde1a"
          },
          "sensitive_attributes": [],
          "private": "bnVsbA==",
          "dependencies": [
            "module.vpc_for_eks.aws_internet_gateway.igw",
            "module.vpc_for_eks.aws_route_table.main",
            "module.vpc_for_eks.aws_subnet.public_subnet",
            "module.vpc_for_eks.aws_vpc.main"
          ]
        },
        {
          "index_key": 1,
          "schema_version": 0,
          "attributes": {
            "gateway_id": "",
            "id": "rtbassoc-0e229309e030b85f1",
            "route_table_id": "rtb-0fb68438bff19f9b3",
            "subnet_id": "subnet-0a063fd2aacafbd2c"
          },
          "sensitive_attributes": [],
          "private": "bnVsbA==",
          "dependencies": [
            "module.vpc_for_eks.aws_internet_gateway.igw",
            "module.vpc_for_eks.aws_route_table.main",
            "module.vpc_for_eks.aws_subnet.public_subnet",
            "module.vpc_for_eks.aws_vpc.main"
          ]
        }
      ]
    },
    {
      "module": "module.vpc_for_eks",
      "mode": "managed",
      "type": "aws_security_group",
      "name": "control_plane_sg",
      "provider": "provider[\"registry.terraform.io/hashicorp/aws\"]",
      "instances": [
        {
          "schema_version": 1,
          "attributes": {
            "arn": "arn:aws:ec2:eu-central-1:839821061981:security-group/sg-004fa8826e101487d",
            "description": "Managed by Terraform",
            "egress": [],
            "id": "sg-004fa8826e101487d",
            "ingress": [],
            "name": "k8s-control-plane-sg",
            "name_prefix": "",
            "owner_id": "839821061981",
            "revoke_rules_on_delete": false,
            "tags": {
              "Name": "k8s-control-plane-sg"
            },
            "tags_all": {
              "Name": "k8s-control-plane-sg"
            },
            "timeouts": null,
            "vpc_id": "vpc-014feb4b0bd1dcd6f"
          },
          "sensitive_attributes": [],
          "private": "eyJlMmJmYjczMC1lY2FhLTExZTYtOGY4OC0zNDM2M2JjN2M0YzAiOnsiY3JlYXRlIjo2MDAwMDAwMDAwMDAsImRlbGV0ZSI6OTAwMDAwMDAwMDAwfSwic2NoZW1hX3ZlcnNpb24iOiIxIn0=",
          "dependencies": [
            "module.vpc_for_eks.aws_vpc.main"
          ]
        }
      ]
    },
    {
      "module": "module.vpc_for_eks",
      "mode": "managed",
      "type": "aws_security_group",
      "name": "data_plane_sg",
      "provider": "provider[\"registry.terraform.io/hashicorp/aws\"]",
      "instances": [
        {
          "schema_version": 1,
          "attributes": {
            "arn": "arn:aws:ec2:eu-central-1:839821061981:security-group/sg-066f1dc1aec5269c4",
            "description": "Managed by Terraform",
            "egress": [],
            "id": "sg-066f1dc1aec5269c4",
            "ingress": [],
            "name": "k8s-data-plane-sg",
            "name_prefix": "",
            "owner_id": "839821061981",
            "revoke_rules_on_delete": false,
            "tags": {
              "Name": "k8s-data-plane-sg"
            },
            "tags_all": {
              "Name": "k8s-data-plane-sg"
            },
            "timeouts": null,
            "vpc_id": "vpc-014feb4b0bd1dcd6f"
          },
          "sensitive_attributes": [],
          "private": "eyJlMmJmYjczMC1lY2FhLTExZTYtOGY4OC0zNDM2M2JjN2M0YzAiOnsiY3JlYXRlIjo2MDAwMDAwMDAwMDAsImRlbGV0ZSI6OTAwMDAwMDAwMDAwfSwic2NoZW1hX3ZlcnNpb24iOiIxIn0=",
          "dependencies": [
            "module.vpc_for_eks.aws_vpc.main"
          ]
        }
      ]
    },
    {
      "module": "module.vpc_for_eks",
      "mode": "managed",
      "type": "aws_security_group",
      "name": "public_sg",
      "provider": "provider[\"registry.terraform.io/hashicorp/aws\"]",
      "instances": [
        {
          "schema_version": 1,
          "attributes": {
            "arn": "arn:aws:ec2:eu-central-1:839821061981:security-group/sg-00b77ff606cf2b91a",
            "description": "Managed by Terraform",
            "egress": [],
            "id": "sg-00b77ff606cf2b91a",
            "ingress": [],
            "name": "public-sg",
            "name_prefix": "",
            "owner_id": "839821061981",
            "revoke_rules_on_delete": false,
            "tags": {
              "Name": "public-sg"
            },
            "tags_all": {
              "Name": "public-sg"
            },
            "timeouts": null,
            "vpc_id": "vpc-014feb4b0bd1dcd6f"
          },
          "sensitive_attributes": [],
          "private": "eyJlMmJmYjczMC1lY2FhLTExZTYtOGY4OC0zNDM2M2JjN2M0YzAiOnsiY3JlYXRlIjo2MDAwMDAwMDAwMDAsImRlbGV0ZSI6OTAwMDAwMDAwMDAwfSwic2NoZW1hX3ZlcnNpb24iOiIxIn0=",
          "dependencies": [
            "module.vpc_for_eks.aws_vpc.main"
          ]
        }
      ]
    },
    {
      "module": "module.vpc_for_eks",
      "mode": "managed",
      "type": "aws_security_group_rule",
      "name": "control_plane_inbound",
      "provider": "provider[\"registry.terraform.io/hashicorp/aws\"]",
      "instances": [
        {
          "schema_version": 2,
          "attributes": {
            "cidr_blocks": [
              "10.0.0.0/24",
              "10.0.1.0/24",
              "10.0.2.0/24",
              "10.0.3.0/24"
            ],
            "description": null,
            "from_port": 0,
            "id": "sgrule-880600212",
            "ipv6_cidr_blocks": null,
            "prefix_list_ids": null,
            "protocol": "tcp",
            "security_group_id": "sg-004fa8826e101487d",
            "security_group_rule_id": "",
            "self": false,
            "source_security_group_id": null,
            "timeouts": null,
            "to_port": 65535,
            "type": "ingress"
          },
          "sensitive_attributes": [],
          "private": "eyJlMmJmYjczMC1lY2FhLTExZTYtOGY4OC0zNDM2M2JjN2M0YzAiOnsiY3JlYXRlIjozMDAwMDAwMDAwMDB9LCJzY2hlbWFfdmVyc2lvbiI6IjIifQ==",
          "dependencies": [
            "module.vpc_for_eks.aws_security_group.control_plane_sg",
            "module.vpc_for_eks.aws_vpc.main"
          ]
        }
      ]
    },
    {
      "module": "module.vpc_for_eks",
      "mode": "managed",
      "type": "aws_security_group_rule",
      "name": "control_plane_outbound",
      "provider": "provider[\"registry.terraform.io/hashicorp/aws\"]",
      "instances": [
        {
          "schema_version": 2,
          "attributes": {
            "cidr_blocks": [
              "0.0.0.0/0"
            ],
            "description": null,
            "from_port": 0,
            "id": "sgrule-4251689474",
            "ipv6_cidr_blocks": null,
            "prefix_list_ids": null,
            "protocol": "-1",
            "security_group_id": "sg-004fa8826e101487d",
            "security_group_rule_id": "sgr-033f7a252b51de31c",
            "self": false,
            "source_security_group_id": null,
            "timeouts": null,
            "to_port": 65535,
            "type": "egress"
          },
          "sensitive_attributes": [],
          "private": "eyJlMmJmYjczMC1lY2FhLTExZTYtOGY4OC0zNDM2M2JjN2M0YzAiOnsiY3JlYXRlIjozMDAwMDAwMDAwMDB9LCJzY2hlbWFfdmVyc2lvbiI6IjIifQ==",
          "dependencies": [
            "module.vpc_for_eks.aws_security_group.control_plane_sg",
            "module.vpc_for_eks.aws_vpc.main"
          ]
        }
      ]
    },
    {
      "module": "module.vpc_for_eks",
      "mode": "managed",
      "type": "aws_security_group_rule",
      "name": "node_outbound",
      "provider": "provider[\"registry.terraform.io/hashicorp/aws\"]",
      "instances": [
        {
          "schema_version": 2,
          "attributes": {
            "cidr_blocks": [
              "0.0.0.0/0"
            ],
            "description": null,
            "from_port": 0,
            "id": "sgrule-3332544904",
            "ipv6_cidr_blocks": null,
            "prefix_list_ids": null,
            "protocol": "-1",
            "security_group_id": "sg-066f1dc1aec5269c4",
            "security_group_rule_id": "sgr-01f03e3798d5b6b31",
            "self": false,
            "source_security_group_id": null,
            "timeouts": null,
            "to_port": 0,
            "type": "egress"
          },
          "sensitive_attributes": [],
          "private": "eyJlMmJmYjczMC1lY2FhLTExZTYtOGY4OC0zNDM2M2JjN2M0YzAiOnsiY3JlYXRlIjozMDAwMDAwMDAwMDB9LCJzY2hlbWFfdmVyc2lvbiI6IjIifQ==",
          "dependencies": [
            "module.vpc_for_eks.aws_security_group.data_plane_sg",
            "module.vpc_for_eks.aws_vpc.main"
          ]
        }
      ]
    },
    {
      "module": "module.vpc_for_eks",
      "mode": "managed",
      "type": "aws_security_group_rule",
      "name": "nodes",
      "provider": "provider[\"registry.terraform.io/hashicorp/aws\"]",
      "instances": [
        {
          "schema_version": 2,
          "attributes": {
            "cidr_blocks": [
              "10.0.0.0/24",
              "10.0.1.0/24",
              "10.0.2.0/24",
              "10.0.3.0/24"
            ],
            "description": "Allow nodes to communicate with each other",
            "from_port": 0,
            "id": "sgrule-1248409585",
            "ipv6_cidr_blocks": null,
            "prefix_list_ids": null,
            "protocol": "-1",
            "security_group_id": "sg-066f1dc1aec5269c4",
            "security_group_rule_id": "",
            "self": false,
            "source_security_group_id": null,
            "timeouts": null,
            "to_port": 65535,
            "type": "ingress"
          },
          "sensitive_attributes": [],
          "private": "eyJlMmJmYjczMC1lY2FhLTExZTYtOGY4OC0zNDM2M2JjN2M0YzAiOnsiY3JlYXRlIjozMDAwMDAwMDAwMDB9LCJzY2hlbWFfdmVyc2lvbiI6IjIifQ==",
          "dependencies": [
            "module.vpc_for_eks.aws_security_group.data_plane_sg",
            "module.vpc_for_eks.aws_vpc.main"
          ]
        }
      ]
    },
    {
      "module": "module.vpc_for_eks",
      "mode": "managed",
      "type": "aws_security_group_rule",
      "name": "nodes_inbound",
      "provider": "provider[\"registry.terraform.io/hashicorp/aws\"]",
      "instances": [
        {
          "schema_version": 2,
          "attributes": {
            "cidr_blocks": [
              "10.0.0.0/24",
              "10.0.1.0/24"
            ],
            "description": "Allow worker Kubelets and pods to receive communication from the cluster control plane",
            "from_port": 1025,
            "id": "sgrule-1053844743",
            "ipv6_cidr_blocks": null,
            "prefix_list_ids": null,
            "protocol": "tcp",
            "security_group_id": "sg-066f1dc1aec5269c4",
            "security_group_rule_id": "",
            "self": false,
            "source_security_group_id": null,
            "timeouts": null,
            "to_port": 65535,
            "type": "ingress"
          },
          "sensitive_attributes": [],
          "private": "eyJlMmJmYjczMC1lY2FhLTExZTYtOGY4OC0zNDM2M2JjN2M0YzAiOnsiY3JlYXRlIjozMDAwMDAwMDAwMDB9LCJzY2hlbWFfdmVyc2lvbiI6IjIifQ==",
          "dependencies": [
            "module.vpc_for_eks.aws_security_group.data_plane_sg",
            "module.vpc_for_eks.aws_vpc.main"
          ]
        }
      ]
    },
    {
      "module": "module.vpc_for_eks",
      "mode": "managed",
      "type": "aws_security_group_rule",
      "name": "sg_egress_public",
      "provider": "provider[\"registry.terraform.io/hashicorp/aws\"]",
      "instances": [
        {
          "schema_version": 2,
          "attributes": {
            "cidr_blocks": [
              "0.0.0.0/0"
            ],
            "description": null,
            "from_port": 0,
            "id": "sgrule-1971562171",
            "ipv6_cidr_blocks": null,
            "prefix_list_ids": null,
            "protocol": "-1",
            "security_group_id": "sg-00b77ff606cf2b91a",
            "security_group_rule_id": "sgr-04418680cd1098dd5",
            "self": false,
            "source_security_group_id": null,
            "timeouts": null,
            "to_port": 0,
            "type": "egress"
          },
          "sensitive_attributes": [],
          "private": "eyJlMmJmYjczMC1lY2FhLTExZTYtOGY4OC0zNDM2M2JjN2M0YzAiOnsiY3JlYXRlIjozMDAwMDAwMDAwMDB9LCJzY2hlbWFfdmVyc2lvbiI6IjIifQ==",
          "dependencies": [
            "module.vpc_for_eks.aws_security_group.public_sg",
            "module.vpc_for_eks.aws_vpc.main"
          ]
        }
      ]
    },
    {
      "module": "module.vpc_for_eks",
      "mode": "managed",
      "type": "aws_security_group_rule",
      "name": "sg_ingress_public_443",
      "provider": "provider[\"registry.terraform.io/hashicorp/aws\"]",
      "instances": [
        {
          "schema_version": 2,
          "attributes": {
            "cidr_blocks": [
              "0.0.0.0/0"
            ],
            "description": null,
            "from_port": 443,
            "id": "sgrule-1768687005",
            "ipv6_cidr_blocks": null,
            "prefix_list_ids": null,
            "protocol": "tcp",
            "security_group_id": "sg-00b77ff606cf2b91a",
            "security_group_rule_id": "sgr-06a1152c39b07e15b",
            "self": false,
            "source_security_group_id": null,
            "timeouts": null,
            "to_port": 443,
            "type": "ingress"
          },
          "sensitive_attributes": [],
          "private": "eyJlMmJmYjczMC1lY2FhLTExZTYtOGY4OC0zNDM2M2JjN2M0YzAiOnsiY3JlYXRlIjozMDAwMDAwMDAwMDB9LCJzY2hlbWFfdmVyc2lvbiI6IjIifQ==",
          "dependencies": [
            "module.vpc_for_eks.aws_security_group.public_sg",
            "module.vpc_for_eks.aws_vpc.main"
          ]
        }
      ]
    },
    {
      "module": "module.vpc_for_eks",
      "mode": "managed",
      "type": "aws_security_group_rule",
      "name": "sg_ingress_public_80",
      "provider": "provider[\"registry.terraform.io/hashicorp/aws\"]",
      "instances": [
        {
          "schema_version": 2,
          "attributes": {
            "cidr_blocks": [
              "0.0.0.0/0"
            ],
            "description": null,
            "from_port": 80,
            "id": "sgrule-4247937367",
            "ipv6_cidr_blocks": null,
            "prefix_list_ids": null,
            "protocol": "tcp",
            "security_group_id": "sg-00b77ff606cf2b91a",
            "security_group_rule_id": "sgr-021d87549ecd0ce88",
            "self": false,
            "source_security_group_id": null,
            "timeouts": null,
            "to_port": 80,
            "type": "ingress"
          },
          "sensitive_attributes": [],
          "private": "eyJlMmJmYjczMC1lY2FhLTExZTYtOGY4OC0zNDM2M2JjN2M0YzAiOnsiY3JlYXRlIjozMDAwMDAwMDAwMDB9LCJzY2hlbWFfdmVyc2lvbiI6IjIifQ==",
          "dependencies": [
            "module.vpc_for_eks.aws_security_group.public_sg",
            "module.vpc_for_eks.aws_vpc.main"
          ]
        }
      ]
    },
    {
      "module": "module.vpc_for_eks",
      "mode": "managed",
      "type": "aws_subnet",
      "name": "private_subnet",
      "provider": "provider[\"registry.terraform.io/hashicorp/aws\"]",
      "instances": [
        {
          "index_key": 0,
          "schema_version": 1,
          "attributes": {
            "arn": "arn:aws:ec2:eu-central-1:839821061981:subnet/subnet-042307166cf58c6ab",
            "assign_ipv6_address_on_creation": false,
            "availability_zone": "eu-central-1a",
            "availability_zone_id": "euc1-az2",
            "cidr_block": "10.0.0.0/24",
            "customer_owned_ipv4_pool": "",
            "enable_dns64": false,
            "enable_resource_name_dns_a_record_on_launch": false,
            "enable_resource_name_dns_aaaa_record_on_launch": false,
            "id": "subnet-042307166cf58c6ab",
            "ipv6_cidr_block": "",
            "ipv6_cidr_block_association_id": "",
            "ipv6_native": false,
            "map_customer_owned_ip_on_launch": false,
            "map_public_ip_on_launch": false,
            "outpost_arn": "",
            "owner_id": "839821061981",
            "private_dns_hostname_type_on_launch": "ip-name",
            "tags": {
              "Name": "Custom Kubernetes cluster private subnet",
              "kubernetes.io/cluster/main": "shared",
              "kubernetes.io/role/internal-elb": "1"
            },
            "tags_all": {
              "Name": "Custom Kubernetes cluster private subnet",
              "kubernetes.io/cluster/main": "shared",
              "kubernetes.io/role/internal-elb": "1"
            },
            "timeouts": null,
            "vpc_id": "vpc-014feb4b0bd1dcd6f"
          },
          "sensitive_attributes": [],
          "private": "eyJlMmJmYjczMC1lY2FhLTExZTYtOGY4OC0zNDM2M2JjN2M0YzAiOnsiY3JlYXRlIjo2MDAwMDAwMDAwMDAsImRlbGV0ZSI6MTIwMDAwMDAwMDAwMH0sInNjaGVtYV92ZXJzaW9uIjoiMSJ9",
          "dependencies": [
            "module.vpc_for_eks.aws_vpc.main"
          ]
        },
        {
          "index_key": 1,
          "schema_version": 1,
          "attributes": {
            "arn": "arn:aws:ec2:eu-central-1:839821061981:subnet/subnet-0ff84b7185f876a3f",
            "assign_ipv6_address_on_creation": false,
            "availability_zone": "eu-central-1b",
            "availability_zone_id": "euc1-az3",
            "cidr_block": "10.0.1.0/24",
            "customer_owned_ipv4_pool": "",
            "enable_dns64": false,
            "enable_resource_name_dns_a_record_on_launch": false,
            "enable_resource_name_dns_aaaa_record_on_launch": false,
            "id": "subnet-0ff84b7185f876a3f",
            "ipv6_cidr_block": "",
            "ipv6_cidr_block_association_id": "",
            "ipv6_native": false,
            "map_customer_owned_ip_on_launch": false,
            "map_public_ip_on_launch": false,
            "outpost_arn": "",
            "owner_id": "839821061981",
            "private_dns_hostname_type_on_launch": "ip-name",
            "tags": {
              "Name": "Custom Kubernetes cluster private subnet",
              "kubernetes.io/cluster/main": "shared",
              "kubernetes.io/role/internal-elb": "1"
            },
            "tags_all": {
              "Name": "Custom Kubernetes cluster private subnet",
              "kubernetes.io/cluster/main": "shared",
              "kubernetes.io/role/internal-elb": "1"
            },
            "timeouts": null,
            "vpc_id": "vpc-014feb4b0bd1dcd6f"
          },
          "sensitive_attributes": [],
          "private": "eyJlMmJmYjczMC1lY2FhLTExZTYtOGY4OC0zNDM2M2JjN2M0YzAiOnsiY3JlYXRlIjo2MDAwMDAwMDAwMDAsImRlbGV0ZSI6MTIwMDAwMDAwMDAwMH0sInNjaGVtYV92ZXJzaW9uIjoiMSJ9",
          "dependencies": [
            "module.vpc_for_eks.aws_vpc.main"
          ]
        }
      ]
    },
    {
      "module": "module.vpc_for_eks",
      "mode": "managed",
      "type": "aws_subnet",
      "name": "public_subnet",
      "provider": "provider[\"registry.terraform.io/hashicorp/aws\"]",
      "instances": [
        {
          "index_key": 0,
          "schema_version": 1,
          "attributes": {
            "arn": "arn:aws:ec2:eu-central-1:839821061981:subnet/subnet-04723ed1bc98cde1a",
            "assign_ipv6_address_on_creation": false,
            "availability_zone": "eu-central-1a",
            "availability_zone_id": "euc1-az2",
            "cidr_block": "10.0.2.0/24",
            "customer_owned_ipv4_pool": "",
            "enable_dns64": false,
            "enable_resource_name_dns_a_record_on_launch": false,
            "enable_resource_name_dns_aaaa_record_on_launch": false,
            "id": "subnet-04723ed1bc98cde1a",
            "ipv6_cidr_block": "",
            "ipv6_cidr_block_association_id": "",
            "ipv6_native": false,
            "map_customer_owned_ip_on_launch": false,
            "map_public_ip_on_launch": true,
            "outpost_arn": "",
            "owner_id": "839821061981",
            "private_dns_hostname_type_on_launch": "ip-name",
            "tags": {
              "Name": "Custom Kubernetes cluster public subnet",
              "kubernetes.io/cluster/main": "shared",
              "kubernetes.io/role/elb": "1"
            },
            "tags_all": {
              "Name": "Custom Kubernetes cluster public subnet",
              "kubernetes.io/cluster/main": "shared",
              "kubernetes.io/role/elb": "1"
            },
            "timeouts": null,
            "vpc_id": "vpc-014feb4b0bd1dcd6f"
          },
          "sensitive_attributes": [],
          "private": "eyJlMmJmYjczMC1lY2FhLTExZTYtOGY4OC0zNDM2M2JjN2M0YzAiOnsiY3JlYXRlIjo2MDAwMDAwMDAwMDAsImRlbGV0ZSI6MTIwMDAwMDAwMDAwMH0sInNjaGVtYV92ZXJzaW9uIjoiMSJ9",
          "dependencies": [
            "module.vpc_for_eks.aws_vpc.main"
          ]
        },
        {
          "index_key": 1,
          "schema_version": 1,
          "attributes": {
            "arn": "arn:aws:ec2:eu-central-1:839821061981:subnet/subnet-0a063fd2aacafbd2c",
            "assign_ipv6_address_on_creation": false,
            "availability_zone": "eu-central-1b",
            "availability_zone_id": "euc1-az3",
            "cidr_block": "10.0.3.0/24",
            "customer_owned_ipv4_pool": "",
            "enable_dns64": false,
            "enable_resource_name_dns_a_record_on_launch": false,
            "enable_resource_name_dns_aaaa_record_on_launch": false,
            "id": "subnet-0a063fd2aacafbd2c",
            "ipv6_cidr_block": "",
            "ipv6_cidr_block_association_id": "",
            "ipv6_native": false,
            "map_customer_owned_ip_on_launch": false,
            "map_public_ip_on_launch": true,
            "outpost_arn": "",
            "owner_id": "839821061981",
            "private_dns_hostname_type_on_launch": "ip-name",
            "tags": {
              "Name": "Custom Kubernetes cluster public subnet",
              "kubernetes.io/cluster/main": "shared",
              "kubernetes.io/role/elb": "1"
            },
            "tags_all": {
              "Name": "Custom Kubernetes cluster public subnet",
              "kubernetes.io/cluster/main": "shared",
              "kubernetes.io/role/elb": "1"
            },
            "timeouts": null,
            "vpc_id": "vpc-014feb4b0bd1dcd6f"
          },
          "sensitive_attributes": [],
          "private": "eyJlMmJmYjczMC1lY2FhLTExZTYtOGY4OC0zNDM2M2JjN2M0YzAiOnsiY3JlYXRlIjo2MDAwMDAwMDAwMDAsImRlbGV0ZSI6MTIwMDAwMDAwMDAwMH0sInNjaGVtYV92ZXJzaW9uIjoiMSJ9",
          "dependencies": [
            "module.vpc_for_eks.aws_vpc.main"
          ]
        }
      ]
    },
    {
      "module": "module.vpc_for_eks",
      "mode": "managed",
      "type": "aws_vpc",
      "name": "main",
      "provider": "provider[\"registry.terraform.io/hashicorp/aws\"]",
      "instances": [
        {
          "schema_version": 1,
          "attributes": {
            "arn": "arn:aws:ec2:eu-central-1:839821061981:vpc/vpc-014feb4b0bd1dcd6f",
            "assign_generated_ipv6_cidr_block": false,
            "cidr_block": "10.0.0.0/16",
            "default_network_acl_id": "acl-0aef5ed785e2f4b3d",
            "default_route_table_id": "rtb-018e97079c1c7d91c",
            "default_security_group_id": "sg-0f2d820714894c1c9",
            "dhcp_options_id": "dopt-0313a64657c4e833a",
            "enable_classiclink": false,
            "enable_classiclink_dns_support": false,
            "enable_dns_hostnames": true,
            "enable_dns_support": true,
            "enable_network_address_usage_metrics": false,
            "id": "vpc-014feb4b0bd1dcd6f",
            "instance_tenancy": "default",
            "ipv4_ipam_pool_id": null,
            "ipv4_netmask_length": null,
            "ipv6_association_id": "",
            "ipv6_cidr_block": "",
            "ipv6_cidr_block_network_border_group": "",
            "ipv6_ipam_pool_id": "",
            "ipv6_netmask_length": 0,
            "main_route_table_id": "rtb-018e97079c1c7d91c",
            "owner_id": "839821061981",
            "tags": {
              "Name": "main-vpc",
              "Owner": "dvir.gross",
              "bootcamp": "16",
              "expiration_date": "x.x.x",
              "kubernetes.io/cluster/main": "shared"
            },
            "tags_all": {
              "Name": "main-vpc",
              "Owner": "dvir.gross",
              "bootcamp": "16",
              "expiration_date": "x.x.x",
              "kubernetes.io/cluster/main": "shared"
            }
          },
          "sensitive_attributes": [],
          "private": "eyJzY2hlbWFfdmVyc2lvbiI6IjEifQ=="
        }
      ]
    }
  ],
  "check_results": null
}
