{
  "version": 4,
  "terraform_version": "1.4.4",
  "serial": 28,
  "lineage": "9d8b8589-1a0e-8559-1575-f87a23cec43c",
  "outputs": {},
  "resources": [
    {
      "mode": "data",
      "type": "template_file",
      "name": "certificates",
      "provider": "provider[\"registry.terraform.io/hashicorp/template\"]",
      "instances": [
        {
          "schema_version": 0,
          "attributes": {
            "filename": null,
            "id": "87e588b61efdf6d77b0e4ce2fbdb0d2ee5241f5807cf0cda9f71f8689094f968",
            "rendered": "{\n    \"CN\": \"kubernetes\",\n    \"hosts\": [\n      \"worker0\",\n      \"worker1\",\n      \"worker2\",\n      \"10.31.0.1\",\n      \"10.43.0.20\",\n      \"10.43.0.21\",\n      \"10.43.0.22\",\n      \"10.43.0.10\",\n      \"10.43.0.11\",\n      \"10.43.0.12\",\n      \"10.43.0.30\",\n      \"10.43.0.31\",\n      \"10.43.0.32\",\n      \"ip-10-43-0-20.eu-central-1.compute.internal\",\n      \"ip-10-43-0-21.eu-central-1.compute.internal\",\n      \"ip-10-43-0-22.eu-central-1.compute.internal\",\n      \"ip-10-43-0-10.eu-central-1.compute.internal\",\n      \"ip-10-43-0-11.eu-central-1.compute.internal\",\n      \"ip-10-43-0-12.eu-central-1.compute.internal\",\n      \"ip-10-43-0-30.eu-central-1.compute.internal\",\n      \"ip-10-43-0-31.eu-central-1.compute.internal\",\n      \"ip-10-43-0-32.eu-central-1.compute.internal\",\n      \"kubernetes-1586479190.eu-central-1.elb.amazonaws.com\",\n      \"127.0.0.1\"\n    ],\n    \"key\": {\n      \"algo\": \"rsa\",\n      \"size\": 2048\n    },\n    \"names\": [\n      {\n        \"C\": \"UK\",\n        \"L\": \"London\",\n        \"O\": \"OpenCredo\",\n        \"OU\": \"Cluster\"\n      }\n    ]\n  }\n  ",
            "template": "{\n    \"CN\": \"kubernetes\",\n    \"hosts\": [\n      \"worker0\",\n      \"worker1\",\n      \"worker2\",\n      \"${kubernetes_cluster_dns}\",\n      \"${controller0_ip}\",\n      \"${controller1_ip}\",\n      \"${controller2_ip}\",\n      \"${etcd0_ip}\",\n      \"${etcd1_ip}\",\n      \"${etcd2_ip}\",\n      \"${worker0_ip}\",\n      \"${worker1_ip}\",\n      \"${worker2_ip}\",\n      \"${controller0_dns}\",\n      \"${controller1_dns}\",\n      \"${controller2_dns}\",\n      \"${etcd0_dns}\",\n      \"${etcd1_dns}\",\n      \"${etcd2_dns}\",\n      \"${worker0_dns}\",\n      \"${worker1_dns}\",\n      \"${worker2_dns}\",\n      \"${kubernetes_api_elb_dns_name}\",\n      \"127.0.0.1\"\n    ],\n    \"key\": {\n      \"algo\": \"rsa\",\n      \"size\": 2048\n    },\n    \"names\": [\n      {\n        \"C\": \"UK\",\n        \"L\": \"London\",\n        \"O\": \"OpenCredo\",\n        \"OU\": \"Cluster\"\n      }\n    ]\n  }\n  ",
            "vars": {
              "controller0_dns": "ip-10-43-0-20.eu-central-1.compute.internal",
              "controller0_ip": "10.43.0.20",
              "controller1_dns": "ip-10-43-0-21.eu-central-1.compute.internal",
              "controller1_ip": "10.43.0.21",
              "controller2_dns": "ip-10-43-0-22.eu-central-1.compute.internal",
              "controller2_ip": "10.43.0.22",
              "etcd0_dns": "ip-10-43-0-10.eu-central-1.compute.internal",
              "etcd0_ip": "10.43.0.10",
              "etcd1_dns": "ip-10-43-0-11.eu-central-1.compute.internal",
              "etcd1_ip": "10.43.0.11",
              "etcd2_dns": "ip-10-43-0-12.eu-central-1.compute.internal",
              "etcd2_ip": "10.43.0.12",
              "kubernetes_api_elb_dns_name": "kubernetes-1586479190.eu-central-1.elb.amazonaws.com",
              "kubernetes_cluster_dns": "10.31.0.1",
              "worker0_dns": "ip-10-43-0-30.eu-central-1.compute.internal",
              "worker0_ip": "10.43.0.30",
              "worker1_dns": "ip-10-43-0-31.eu-central-1.compute.internal",
              "worker1_ip": "10.43.0.31",
              "worker2_dns": "ip-10-43-0-32.eu-central-1.compute.internal",
              "worker2_ip": "10.43.0.32"
            }
          },
          "sensitive_attributes": []
        }
      ]
    },
    {
      "mode": "data",
      "type": "template_file",
      "name": "ssh_cfg",
      "provider": "provider[\"registry.terraform.io/hashicorp/template\"]",
      "instances": [
        {
          "schema_version": 0,
          "attributes": {
            "filename": null,
            "id": "edf09c3225c4edf790f91f9f1104dc57f576756819a17419d4660f5fff7b7481",
            "rendered": "Host etcd0\n  Hostname 3.66.171.50\n  User ubuntu\n  UserKnownHostsFile=/dev/null\n  StrictHostKeyChecking=no\n\nHost etcd1\n  Hostname 3.70.253.141\n  User ubuntu\n  UserKnownHostsFile=/dev/null\n  StrictHostKeyChecking=no\n\nHost etcd2\n  Hostname 52.58.199.49\n  User ubuntu\n  UserKnownHostsFile=/dev/null\n  StrictHostKeyChecking=no\n\nHost controller0\n  Hostname 35.158.96.237\n  User ubuntu\n  UserKnownHostsFile=/dev/null\n  StrictHostKeyChecking=no\n\nHost controller1\n  Hostname 35.158.195.90\n  User ubuntu\n  UserKnownHostsFile=/dev/null\n  StrictHostKeyChecking=no\n\nHost controller2\n  Hostname 3.76.212.180\n  User ubuntu\n  UserKnownHostsFile=/dev/null\n  StrictHostKeyChecking=no\n\nHost worker0\n  Hostname 18.192.107.253\n  User ubuntu\n  UserKnownHostsFile=/dev/null\n  StrictHostKeyChecking=no\n\nHost worker1\n  Hostname 18.192.107.253\n  User ubuntu\n  UserKnownHostsFile=/dev/null\n  StrictHostKeyChecking=no\n\nHost worker2\n  Hostname 18.192.107.253\n  User ubuntu\n  UserKnownHostsFile=/dev/null\n  StrictHostKeyChecking=no",
            "template": "Host etcd0\n  Hostname ${etcd0_ip}\n  User ${user}\n  UserKnownHostsFile=/dev/null\n  StrictHostKeyChecking=no\n\nHost etcd1\n  Hostname ${etcd1_ip}\n  User ${user}\n  UserKnownHostsFile=/dev/null\n  StrictHostKeyChecking=no\n\nHost etcd2\n  Hostname ${etcd2_ip}\n  User ${user}\n  UserKnownHostsFile=/dev/null\n  StrictHostKeyChecking=no\n\nHost controller0\n  Hostname ${controller0_ip}\n  User ${user}\n  UserKnownHostsFile=/dev/null\n  StrictHostKeyChecking=no\n\nHost controller1\n  Hostname ${controller1_ip}\n  User ${user}\n  UserKnownHostsFile=/dev/null\n  StrictHostKeyChecking=no\n\nHost controller2\n  Hostname ${controller2_ip}\n  User ${user}\n  UserKnownHostsFile=/dev/null\n  StrictHostKeyChecking=no\n\nHost worker0\n  Hostname ${worker0_ip}\n  User ${user}\n  UserKnownHostsFile=/dev/null\n  StrictHostKeyChecking=no\n\nHost worker1\n  Hostname ${worker1_ip}\n  User ${user}\n  UserKnownHostsFile=/dev/null\n  StrictHostKeyChecking=no\n\nHost worker2\n  Hostname ${worker2_ip}\n  User ${user}\n  UserKnownHostsFile=/dev/null\n  StrictHostKeyChecking=no",
            "vars": {
              "controller0_ip": "35.158.96.237",
              "controller1_ip": "35.158.195.90",
              "controller2_ip": "3.76.212.180",
              "etcd0_ip": "3.66.171.50",
              "etcd1_ip": "3.70.253.141",
              "etcd2_ip": "52.58.199.49",
              "user": "ubuntu",
              "worker0_ip": "18.192.107.253",
              "worker1_ip": "18.192.107.253",
              "worker2_ip": "18.192.107.253"
            }
          },
          "sensitive_attributes": []
        }
      ]
    },
    {
      "mode": "managed",
      "type": "null_resource",
      "name": "certificates",
      "provider": "provider[\"registry.terraform.io/hashicorp/null\"]",
      "instances": [
        {
          "schema_version": 0,
          "attributes": {
            "id": "6447002908085348880",
            "triggers": {
              "template_rendered": "{\n    \"CN\": \"kubernetes\",\n    \"hosts\": [\n      \"worker0\",\n      \"worker1\",\n      \"worker2\",\n      \"10.31.0.1\",\n      \"10.43.0.20\",\n      \"10.43.0.21\",\n      \"10.43.0.22\",\n      \"10.43.0.10\",\n      \"10.43.0.11\",\n      \"10.43.0.12\",\n      \"10.43.0.30\",\n      \"10.43.0.31\",\n      \"10.43.0.32\",\n      \"ip-10-43-0-20.eu-central-1.compute.internal\",\n      \"ip-10-43-0-21.eu-central-1.compute.internal\",\n      \"ip-10-43-0-22.eu-central-1.compute.internal\",\n      \"ip-10-43-0-10.eu-central-1.compute.internal\",\n      \"ip-10-43-0-11.eu-central-1.compute.internal\",\n      \"ip-10-43-0-12.eu-central-1.compute.internal\",\n      \"ip-10-43-0-30.eu-central-1.compute.internal\",\n      \"ip-10-43-0-31.eu-central-1.compute.internal\",\n      \"ip-10-43-0-32.eu-central-1.compute.internal\",\n      \"kubernetes-1586479190.eu-central-1.elb.amazonaws.com\",\n      \"127.0.0.1\"\n    ],\n    \"key\": {\n      \"algo\": \"rsa\",\n      \"size\": 2048\n    },\n    \"names\": [\n      {\n        \"C\": \"UK\",\n        \"L\": \"London\",\n        \"O\": \"OpenCredo\",\n        \"OU\": \"Cluster\"\n      }\n    ]\n  }\n  "
            }
          },
          "sensitive_attributes": [],
          "dependencies": [
            "data.template_file.certificates",
            "module.cluster.aws_elb.k8s_api",
            "module.cluster.aws_instance.controller",
            "module.cluster.aws_instance.etcd",
            "module.cluster.aws_instance.worker",
            "module.iam.aws_iam_instance_profile.k8s",
            "module.iam.aws_iam_role.k8s",
            "module.network.aws_security_group.k8s",
            "module.network.aws_security_group.k8s_api",
            "module.network.aws_subnet.k8s",
            "module.network.aws_vpc.k8s"
          ]
        }
      ]
    },
    {
      "mode": "managed",
      "type": "null_resource",
      "name": "ssh_cfg",
      "provider": "provider[\"registry.terraform.io/hashicorp/null\"]",
      "instances": [
        {
          "schema_version": 0,
          "attributes": {
            "id": "4647788464750893052",
            "triggers": {
              "template_rendered": "Host etcd0\n  Hostname 3.66.171.50\n  User ubuntu\n  UserKnownHostsFile=/dev/null\n  StrictHostKeyChecking=no\n\nHost etcd1\n  Hostname 3.70.253.141\n  User ubuntu\n  UserKnownHostsFile=/dev/null\n  StrictHostKeyChecking=no\n\nHost etcd2\n  Hostname 52.58.199.49\n  User ubuntu\n  UserKnownHostsFile=/dev/null\n  StrictHostKeyChecking=no\n\nHost controller0\n  Hostname 35.158.96.237\n  User ubuntu\n  UserKnownHostsFile=/dev/null\n  StrictHostKeyChecking=no\n\nHost controller1\n  Hostname 35.158.195.90\n  User ubuntu\n  UserKnownHostsFile=/dev/null\n  StrictHostKeyChecking=no\n\nHost controller2\n  Hostname 3.76.212.180\n  User ubuntu\n  UserKnownHostsFile=/dev/null\n  StrictHostKeyChecking=no\n\nHost worker0\n  Hostname 18.192.107.253\n  User ubuntu\n  UserKnownHostsFile=/dev/null\n  StrictHostKeyChecking=no\n\nHost worker1\n  Hostname 18.192.107.253\n  User ubuntu\n  UserKnownHostsFile=/dev/null\n  StrictHostKeyChecking=no\n\nHost worker2\n  Hostname 18.192.107.253\n  User ubuntu\n  UserKnownHostsFile=/dev/null\n  StrictHostKeyChecking=no"
            }
          },
          "sensitive_attributes": [],
          "dependencies": [
            "data.template_file.ssh_cfg",
            "module.cluster.aws_instance.controller",
            "module.cluster.aws_instance.etcd",
            "module.cluster.aws_instance.worker",
            "module.iam.aws_iam_instance_profile.k8s",
            "module.iam.aws_iam_role.k8s",
            "module.network.aws_security_group.k8s",
            "module.network.aws_security_group.k8s_api",
            "module.network.aws_subnet.k8s",
            "module.network.aws_vpc.k8s"
          ]
        }
      ]
    },
    {
      "module": "module.cluster",
      "mode": "managed",
      "type": "aws_elb",
      "name": "k8s_api",
      "provider": "provider[\"registry.terraform.io/hashicorp/aws\"]",
      "instances": [
        {
          "schema_version": 0,
          "attributes": {
            "access_logs": [],
            "arn": "arn:aws:elasticloadbalancing:eu-central-1:839821061981:loadbalancer/kubernetes",
            "availability_zones": [
              "eu-central-1a"
            ],
            "connection_draining": false,
            "connection_draining_timeout": 300,
            "cross_zone_load_balancing": false,
            "desync_mitigation_mode": "defensive",
            "dns_name": "kubernetes-1586479190.eu-central-1.elb.amazonaws.com",
            "health_check": [
              {
                "healthy_threshold": 2,
                "interval": 30,
                "target": "HTTP:8080/healthz",
                "timeout": 15,
                "unhealthy_threshold": 2
              }
            ],
            "id": "kubernetes",
            "idle_timeout": 60,
            "instances": [
              "i-02759dbe2cdaa7c86",
              "i-069fe8443aa5e8000",
              "i-0c38e0d1d4a8c2e80"
            ],
            "internal": false,
            "listener": [
              {
                "instance_port": 6443,
                "instance_protocol": "TCP",
                "lb_port": 6443,
                "lb_protocol": "TCP",
                "ssl_certificate_id": ""
              }
            ],
            "name": "kubernetes",
            "name_prefix": null,
            "security_groups": [
              "sg-0a0b7f2a72c9e5507",
              "sg-0f39c900bb3ec8d1d"
            ],
            "source_security_group": "839821061981/k8s-api",
            "source_security_group_id": "sg-0f39c900bb3ec8d1d",
            "subnets": [
              "subnet-06fc80ae13bd27493"
            ],
            "tags": {
              "Name": "kubernetes",
              "Owner": "Dvir Gross",
              "bootcamp": "16",
              "expiration_date": "x.x.x"
            },
            "tags_all": {
              "Name": "kubernetes",
              "Owner": "Dvir Gross",
              "bootcamp": "16",
              "expiration_date": "x.x.x"
            },
            "zone_id": "Z215JYRZR1TBD5"
          },
          "sensitive_attributes": [],
          "private": "bnVsbA==",
          "dependencies": [
            "module.cluster.aws_instance.controller",
            "module.iam.aws_iam_instance_profile.k8s",
            "module.iam.aws_iam_role.k8s",
            "module.network.aws_security_group.k8s",
            "module.network.aws_security_group.k8s_api",
            "module.network.aws_subnet.k8s",
            "module.network.aws_vpc.k8s"
          ]
        }
      ]
    },
    {
      "module": "module.cluster",
      "mode": "managed",
      "type": "aws_instance",
      "name": "controller",
      "provider": "provider[\"registry.terraform.io/hashicorp/aws\"]",
      "instances": [
        {
          "index_key": 0,
          "schema_version": 1,
          "attributes": {
            "ami": "ami-0ec7f9846da6b0f61",
            "arn": "arn:aws:ec2:eu-central-1:839821061981:instance/i-069fe8443aa5e8000",
            "associate_public_ip_address": true,
            "availability_zone": "eu-central-1a",
            "capacity_reservation_specification": [
              {
                "capacity_reservation_preference": "open",
                "capacity_reservation_target": []
              }
            ],
            "cpu_core_count": 2,
            "cpu_threads_per_core": 1,
            "credit_specification": [
              {
                "cpu_credits": "standard"
              }
            ],
            "disable_api_stop": false,
            "disable_api_termination": false,
            "ebs_block_device": [],
            "ebs_optimized": false,
            "enclave_options": [
              {
                "enabled": false
              }
            ],
            "ephemeral_block_device": [],
            "get_password_data": false,
            "hibernation": false,
            "host_id": null,
            "host_resource_group_arn": null,
            "iam_instance_profile": "kubernetes",
            "id": "i-069fe8443aa5e8000",
            "instance_initiated_shutdown_behavior": "stop",
            "instance_state": "running",
            "instance_type": "t2.medium",
            "ipv6_address_count": 0,
            "ipv6_addresses": [],
            "key_name": "kp-one",
            "launch_template": [],
            "maintenance_options": [
              {
                "auto_recovery": "default"
              }
            ],
            "metadata_options": [
              {
                "http_endpoint": "enabled",
                "http_put_response_hop_limit": 1,
                "http_tokens": "optional",
                "instance_metadata_tags": "disabled"
              }
            ],
            "monitoring": false,
            "network_interface": [],
            "outpost_arn": "",
            "password_data": "",
            "placement_group": "",
            "placement_partition_number": null,
            "primary_network_interface_id": "eni-035fba7560ad1d55c",
            "private_dns": "ip-10-43-0-20.eu-central-1.compute.internal",
            "private_dns_name_options": [
              {
                "enable_resource_name_dns_a_record": false,
                "enable_resource_name_dns_aaaa_record": false,
                "hostname_type": "ip-name"
              }
            ],
            "private_ip": "10.43.0.20",
            "public_dns": "ec2-35-158-96-237.eu-central-1.compute.amazonaws.com",
            "public_ip": "35.158.96.237",
            "root_block_device": [
              {
                "delete_on_termination": true,
                "device_name": "/dev/sda1",
                "encrypted": false,
                "iops": 100,
                "kms_key_id": "",
                "tags": {},
                "throughput": 0,
                "volume_id": "vol-090de5aa2b679585a",
                "volume_size": 8,
                "volume_type": "gp2"
              }
            ],
            "secondary_private_ips": [],
            "security_groups": [],
            "source_dest_check": false,
            "subnet_id": "subnet-06fc80ae13bd27493",
            "tags": {
              "Name": "controller-0",
              "Owner": "Dvir Gross",
              "ansibleFilter": "Kubernetes01",
              "ansibleNodeName": "controller0",
              "ansibleNodeType": "controller",
              "bootcamp": "16",
              "expiration_date": "x.x.x"
            },
            "tags_all": {
              "Name": "controller-0",
              "Owner": "Dvir Gross",
              "ansibleFilter": "Kubernetes01",
              "ansibleNodeName": "controller0",
              "ansibleNodeType": "controller",
              "bootcamp": "16",
              "expiration_date": "x.x.x"
            },
            "tenancy": "default",
            "timeouts": null,
            "user_data": null,
            "user_data_base64": null,
            "user_data_replace_on_change": false,
            "volume_tags": null,
            "vpc_security_group_ids": [
              "sg-0a0b7f2a72c9e5507",
              "sg-0f39c900bb3ec8d1d"
            ]
          },
          "sensitive_attributes": [],
          "private": "eyJlMmJmYjczMC1lY2FhLTExZTYtOGY4OC0zNDM2M2JjN2M0YzAiOnsiY3JlYXRlIjo2MDAwMDAwMDAwMDAsImRlbGV0ZSI6MTIwMDAwMDAwMDAwMCwidXBkYXRlIjo2MDAwMDAwMDAwMDB9LCJzY2hlbWFfdmVyc2lvbiI6IjEifQ==",
          "dependencies": [
            "module.iam.aws_iam_instance_profile.k8s",
            "module.iam.aws_iam_role.k8s",
            "module.network.aws_security_group.k8s",
            "module.network.aws_security_group.k8s_api",
            "module.network.aws_subnet.k8s",
            "module.network.aws_vpc.k8s"
          ]
        },
        {
          "index_key": 1,
          "schema_version": 1,
          "attributes": {
            "ami": "ami-0ec7f9846da6b0f61",
            "arn": "arn:aws:ec2:eu-central-1:839821061981:instance/i-02759dbe2cdaa7c86",
            "associate_public_ip_address": true,
            "availability_zone": "eu-central-1a",
            "capacity_reservation_specification": [
              {
                "capacity_reservation_preference": "open",
                "capacity_reservation_target": []
              }
            ],
            "cpu_core_count": 2,
            "cpu_threads_per_core": 1,
            "credit_specification": [
              {
                "cpu_credits": "standard"
              }
            ],
            "disable_api_stop": false,
            "disable_api_termination": false,
            "ebs_block_device": [],
            "ebs_optimized": false,
            "enclave_options": [
              {
                "enabled": false
              }
            ],
            "ephemeral_block_device": [],
            "get_password_data": false,
            "hibernation": false,
            "host_id": null,
            "host_resource_group_arn": null,
            "iam_instance_profile": "kubernetes",
            "id": "i-02759dbe2cdaa7c86",
            "instance_initiated_shutdown_behavior": "stop",
            "instance_state": "running",
            "instance_type": "t2.medium",
            "ipv6_address_count": 0,
            "ipv6_addresses": [],
            "key_name": "kp-one",
            "launch_template": [],
            "maintenance_options": [
              {
                "auto_recovery": "default"
              }
            ],
            "metadata_options": [
              {
                "http_endpoint": "enabled",
                "http_put_response_hop_limit": 1,
                "http_tokens": "optional",
                "instance_metadata_tags": "disabled"
              }
            ],
            "monitoring": false,
            "network_interface": [],
            "outpost_arn": "",
            "password_data": "",
            "placement_group": "",
            "placement_partition_number": null,
            "primary_network_interface_id": "eni-02c7ffd747a345dda",
            "private_dns": "ip-10-43-0-21.eu-central-1.compute.internal",
            "private_dns_name_options": [
              {
                "enable_resource_name_dns_a_record": false,
                "enable_resource_name_dns_aaaa_record": false,
                "hostname_type": "ip-name"
              }
            ],
            "private_ip": "10.43.0.21",
            "public_dns": "ec2-35-158-195-90.eu-central-1.compute.amazonaws.com",
            "public_ip": "35.158.195.90",
            "root_block_device": [
              {
                "delete_on_termination": true,
                "device_name": "/dev/sda1",
                "encrypted": false,
                "iops": 100,
                "kms_key_id": "",
                "tags": {},
                "throughput": 0,
                "volume_id": "vol-0dc226c0809ca1373",
                "volume_size": 8,
                "volume_type": "gp2"
              }
            ],
            "secondary_private_ips": [],
            "security_groups": [],
            "source_dest_check": false,
            "subnet_id": "subnet-06fc80ae13bd27493",
            "tags": {
              "Name": "controller-1",
              "Owner": "Dvir Gross",
              "ansibleFilter": "Kubernetes01",
              "ansibleNodeName": "controller1",
              "ansibleNodeType": "controller",
              "bootcamp": "16",
              "expiration_date": "x.x.x"
            },
            "tags_all": {
              "Name": "controller-1",
              "Owner": "Dvir Gross",
              "ansibleFilter": "Kubernetes01",
              "ansibleNodeName": "controller1",
              "ansibleNodeType": "controller",
              "bootcamp": "16",
              "expiration_date": "x.x.x"
            },
            "tenancy": "default",
            "timeouts": null,
            "user_data": null,
            "user_data_base64": null,
            "user_data_replace_on_change": false,
            "volume_tags": null,
            "vpc_security_group_ids": [
              "sg-0a0b7f2a72c9e5507",
              "sg-0f39c900bb3ec8d1d"
            ]
          },
          "sensitive_attributes": [],
          "private": "eyJlMmJmYjczMC1lY2FhLTExZTYtOGY4OC0zNDM2M2JjN2M0YzAiOnsiY3JlYXRlIjo2MDAwMDAwMDAwMDAsImRlbGV0ZSI6MTIwMDAwMDAwMDAwMCwidXBkYXRlIjo2MDAwMDAwMDAwMDB9LCJzY2hlbWFfdmVyc2lvbiI6IjEifQ==",
          "dependencies": [
            "module.iam.aws_iam_instance_profile.k8s",
            "module.iam.aws_iam_role.k8s",
            "module.network.aws_security_group.k8s",
            "module.network.aws_security_group.k8s_api",
            "module.network.aws_subnet.k8s",
            "module.network.aws_vpc.k8s"
          ]
        },
        {
          "index_key": 2,
          "schema_version": 1,
          "attributes": {
            "ami": "ami-0ec7f9846da6b0f61",
            "arn": "arn:aws:ec2:eu-central-1:839821061981:instance/i-0c38e0d1d4a8c2e80",
            "associate_public_ip_address": true,
            "availability_zone": "eu-central-1a",
            "capacity_reservation_specification": [
              {
                "capacity_reservation_preference": "open",
                "capacity_reservation_target": []
              }
            ],
            "cpu_core_count": 2,
            "cpu_threads_per_core": 1,
            "credit_specification": [
              {
                "cpu_credits": "standard"
              }
            ],
            "disable_api_stop": false,
            "disable_api_termination": false,
            "ebs_block_device": [],
            "ebs_optimized": false,
            "enclave_options": [
              {
                "enabled": false
              }
            ],
            "ephemeral_block_device": [],
            "get_password_data": false,
            "hibernation": false,
            "host_id": null,
            "host_resource_group_arn": null,
            "iam_instance_profile": "kubernetes",
            "id": "i-0c38e0d1d4a8c2e80",
            "instance_initiated_shutdown_behavior": "stop",
            "instance_state": "running",
            "instance_type": "t2.medium",
            "ipv6_address_count": 0,
            "ipv6_addresses": [],
            "key_name": "kp-one",
            "launch_template": [],
            "maintenance_options": [
              {
                "auto_recovery": "default"
              }
            ],
            "metadata_options": [
              {
                "http_endpoint": "enabled",
                "http_put_response_hop_limit": 1,
                "http_tokens": "optional",
                "instance_metadata_tags": "disabled"
              }
            ],
            "monitoring": false,
            "network_interface": [],
            "outpost_arn": "",
            "password_data": "",
            "placement_group": "",
            "placement_partition_number": null,
            "primary_network_interface_id": "eni-0c5015b52a505812c",
            "private_dns": "ip-10-43-0-22.eu-central-1.compute.internal",
            "private_dns_name_options": [
              {
                "enable_resource_name_dns_a_record": false,
                "enable_resource_name_dns_aaaa_record": false,
                "hostname_type": "ip-name"
              }
            ],
            "private_ip": "10.43.0.22",
            "public_dns": "ec2-3-76-212-180.eu-central-1.compute.amazonaws.com",
            "public_ip": "3.76.212.180",
            "root_block_device": [
              {
                "delete_on_termination": true,
                "device_name": "/dev/sda1",
                "encrypted": false,
                "iops": 100,
                "kms_key_id": "",
                "tags": {},
                "throughput": 0,
                "volume_id": "vol-063857fca6f51a123",
                "volume_size": 8,
                "volume_type": "gp2"
              }
            ],
            "secondary_private_ips": [],
            "security_groups": [],
            "source_dest_check": false,
            "subnet_id": "subnet-06fc80ae13bd27493",
            "tags": {
              "Name": "controller-2",
              "Owner": "Dvir Gross",
              "ansibleFilter": "Kubernetes01",
              "ansibleNodeName": "controller2",
              "ansibleNodeType": "controller",
              "bootcamp": "16",
              "expiration_date": "x.x.x"
            },
            "tags_all": {
              "Name": "controller-2",
              "Owner": "Dvir Gross",
              "ansibleFilter": "Kubernetes01",
              "ansibleNodeName": "controller2",
              "ansibleNodeType": "controller",
              "bootcamp": "16",
              "expiration_date": "x.x.x"
            },
            "tenancy": "default",
            "timeouts": null,
            "user_data": null,
            "user_data_base64": null,
            "user_data_replace_on_change": false,
            "volume_tags": null,
            "vpc_security_group_ids": [
              "sg-0a0b7f2a72c9e5507",
              "sg-0f39c900bb3ec8d1d"
            ]
          },
          "sensitive_attributes": [],
          "private": "eyJlMmJmYjczMC1lY2FhLTExZTYtOGY4OC0zNDM2M2JjN2M0YzAiOnsiY3JlYXRlIjo2MDAwMDAwMDAwMDAsImRlbGV0ZSI6MTIwMDAwMDAwMDAwMCwidXBkYXRlIjo2MDAwMDAwMDAwMDB9LCJzY2hlbWFfdmVyc2lvbiI6IjEifQ==",
          "dependencies": [
            "module.iam.aws_iam_instance_profile.k8s",
            "module.iam.aws_iam_role.k8s",
            "module.network.aws_security_group.k8s",
            "module.network.aws_security_group.k8s_api",
            "module.network.aws_subnet.k8s",
            "module.network.aws_vpc.k8s"
          ]
        }
      ]
    },
    {
      "module": "module.cluster",
      "mode": "managed",
      "type": "aws_instance",
      "name": "etcd",
      "provider": "provider[\"registry.terraform.io/hashicorp/aws\"]",
      "instances": [
        {
          "index_key": 0,
          "schema_version": 1,
          "attributes": {
            "ami": "ami-0ec7f9846da6b0f61",
            "arn": "arn:aws:ec2:eu-central-1:839821061981:instance/i-00a0c3144d832eba1",
            "associate_public_ip_address": true,
            "availability_zone": "eu-central-1a",
            "capacity_reservation_specification": [
              {
                "capacity_reservation_preference": "open",
                "capacity_reservation_target": []
              }
            ],
            "cpu_core_count": 2,
            "cpu_threads_per_core": 1,
            "credit_specification": [
              {
                "cpu_credits": "standard"
              }
            ],
            "disable_api_stop": false,
            "disable_api_termination": false,
            "ebs_block_device": [],
            "ebs_optimized": false,
            "enclave_options": [
              {
                "enabled": false
              }
            ],
            "ephemeral_block_device": [],
            "get_password_data": false,
            "hibernation": false,
            "host_id": null,
            "host_resource_group_arn": null,
            "iam_instance_profile": "",
            "id": "i-00a0c3144d832eba1",
            "instance_initiated_shutdown_behavior": "stop",
            "instance_state": "running",
            "instance_type": "t2.medium",
            "ipv6_address_count": 0,
            "ipv6_addresses": [],
            "key_name": "kp-one",
            "launch_template": [],
            "maintenance_options": [
              {
                "auto_recovery": "default"
              }
            ],
            "metadata_options": [
              {
                "http_endpoint": "enabled",
                "http_put_response_hop_limit": 1,
                "http_tokens": "optional",
                "instance_metadata_tags": "disabled"
              }
            ],
            "monitoring": false,
            "network_interface": [],
            "outpost_arn": "",
            "password_data": "",
            "placement_group": "",
            "placement_partition_number": null,
            "primary_network_interface_id": "eni-0d8832c6dd446e636",
            "private_dns": "ip-10-43-0-10.eu-central-1.compute.internal",
            "private_dns_name_options": [
              {
                "enable_resource_name_dns_a_record": false,
                "enable_resource_name_dns_aaaa_record": false,
                "hostname_type": "ip-name"
              }
            ],
            "private_ip": "10.43.0.10",
            "public_dns": "ec2-3-66-171-50.eu-central-1.compute.amazonaws.com",
            "public_ip": "3.66.171.50",
            "root_block_device": [
              {
                "delete_on_termination": true,
                "device_name": "/dev/sda1",
                "encrypted": false,
                "iops": 100,
                "kms_key_id": "",
                "tags": {},
                "throughput": 0,
                "volume_id": "vol-0351ff8ea1104fbe4",
                "volume_size": 8,
                "volume_type": "gp2"
              }
            ],
            "secondary_private_ips": [],
            "security_groups": [],
            "source_dest_check": true,
            "subnet_id": "subnet-06fc80ae13bd27493",
            "tags": {
              "Name": "etcd-0",
              "Owner": "Dvir Gross",
              "ansibleFilter": "Kubernetes01",
              "ansibleNodeName": "etcd0",
              "ansibleNodeType": "etcd",
              "bootcamp": "16",
              "expiration_date": "x.x.x"
            },
            "tags_all": {
              "Name": "etcd-0",
              "Owner": "Dvir Gross",
              "ansibleFilter": "Kubernetes01",
              "ansibleNodeName": "etcd0",
              "ansibleNodeType": "etcd",
              "bootcamp": "16",
              "expiration_date": "x.x.x"
            },
            "tenancy": "default",
            "timeouts": null,
            "user_data": null,
            "user_data_base64": null,
            "user_data_replace_on_change": false,
            "volume_tags": null,
            "vpc_security_group_ids": [
              "sg-0f39c900bb3ec8d1d"
            ]
          },
          "sensitive_attributes": [],
          "private": "eyJlMmJmYjczMC1lY2FhLTExZTYtOGY4OC0zNDM2M2JjN2M0YzAiOnsiY3JlYXRlIjo2MDAwMDAwMDAwMDAsImRlbGV0ZSI6MTIwMDAwMDAwMDAwMCwidXBkYXRlIjo2MDAwMDAwMDAwMDB9LCJzY2hlbWFfdmVyc2lvbiI6IjEifQ==",
          "dependencies": [
            "module.network.aws_security_group.k8s_api",
            "module.network.aws_subnet.k8s",
            "module.network.aws_vpc.k8s"
          ]
        },
        {
          "index_key": 1,
          "schema_version": 1,
          "attributes": {
            "ami": "ami-0ec7f9846da6b0f61",
            "arn": "arn:aws:ec2:eu-central-1:839821061981:instance/i-0861e4f68532ea122",
            "associate_public_ip_address": true,
            "availability_zone": "eu-central-1a",
            "capacity_reservation_specification": [
              {
                "capacity_reservation_preference": "open",
                "capacity_reservation_target": []
              }
            ],
            "cpu_core_count": 2,
            "cpu_threads_per_core": 1,
            "credit_specification": [
              {
                "cpu_credits": "standard"
              }
            ],
            "disable_api_stop": false,
            "disable_api_termination": false,
            "ebs_block_device": [],
            "ebs_optimized": false,
            "enclave_options": [
              {
                "enabled": false
              }
            ],
            "ephemeral_block_device": [],
            "get_password_data": false,
            "hibernation": false,
            "host_id": null,
            "host_resource_group_arn": null,
            "iam_instance_profile": "",
            "id": "i-0861e4f68532ea122",
            "instance_initiated_shutdown_behavior": "stop",
            "instance_state": "running",
            "instance_type": "t2.medium",
            "ipv6_address_count": 0,
            "ipv6_addresses": [],
            "key_name": "kp-one",
            "launch_template": [],
            "maintenance_options": [
              {
                "auto_recovery": "default"
              }
            ],
            "metadata_options": [
              {
                "http_endpoint": "enabled",
                "http_put_response_hop_limit": 1,
                "http_tokens": "optional",
                "instance_metadata_tags": "disabled"
              }
            ],
            "monitoring": false,
            "network_interface": [],
            "outpost_arn": "",
            "password_data": "",
            "placement_group": "",
            "placement_partition_number": null,
            "primary_network_interface_id": "eni-0802629c9a0514ecd",
            "private_dns": "ip-10-43-0-11.eu-central-1.compute.internal",
            "private_dns_name_options": [
              {
                "enable_resource_name_dns_a_record": false,
                "enable_resource_name_dns_aaaa_record": false,
                "hostname_type": "ip-name"
              }
            ],
            "private_ip": "10.43.0.11",
            "public_dns": "ec2-3-70-253-141.eu-central-1.compute.amazonaws.com",
            "public_ip": "3.70.253.141",
            "root_block_device": [
              {
                "delete_on_termination": true,
                "device_name": "/dev/sda1",
                "encrypted": false,
                "iops": 100,
                "kms_key_id": "",
                "tags": {},
                "throughput": 0,
                "volume_id": "vol-02446a250a2813829",
                "volume_size": 8,
                "volume_type": "gp2"
              }
            ],
            "secondary_private_ips": [],
            "security_groups": [],
            "source_dest_check": true,
            "subnet_id": "subnet-06fc80ae13bd27493",
            "tags": {
              "Name": "etcd-1",
              "Owner": "Dvir Gross",
              "ansibleFilter": "Kubernetes01",
              "ansibleNodeName": "etcd1",
              "ansibleNodeType": "etcd",
              "bootcamp": "16",
              "expiration_date": "x.x.x"
            },
            "tags_all": {
              "Name": "etcd-1",
              "Owner": "Dvir Gross",
              "ansibleFilter": "Kubernetes01",
              "ansibleNodeName": "etcd1",
              "ansibleNodeType": "etcd",
              "bootcamp": "16",
              "expiration_date": "x.x.x"
            },
            "tenancy": "default",
            "timeouts": null,
            "user_data": null,
            "user_data_base64": null,
            "user_data_replace_on_change": false,
            "volume_tags": null,
            "vpc_security_group_ids": [
              "sg-0f39c900bb3ec8d1d"
            ]
          },
          "sensitive_attributes": [],
          "private": "eyJlMmJmYjczMC1lY2FhLTExZTYtOGY4OC0zNDM2M2JjN2M0YzAiOnsiY3JlYXRlIjo2MDAwMDAwMDAwMDAsImRlbGV0ZSI6MTIwMDAwMDAwMDAwMCwidXBkYXRlIjo2MDAwMDAwMDAwMDB9LCJzY2hlbWFfdmVyc2lvbiI6IjEifQ==",
          "dependencies": [
            "module.network.aws_security_group.k8s_api",
            "module.network.aws_subnet.k8s",
            "module.network.aws_vpc.k8s"
          ]
        },
        {
          "index_key": 2,
          "schema_version": 1,
          "attributes": {
            "ami": "ami-0ec7f9846da6b0f61",
            "arn": "arn:aws:ec2:eu-central-1:839821061981:instance/i-05084e6278ec25416",
            "associate_public_ip_address": true,
            "availability_zone": "eu-central-1a",
            "capacity_reservation_specification": [
              {
                "capacity_reservation_preference": "open",
                "capacity_reservation_target": []
              }
            ],
            "cpu_core_count": 2,
            "cpu_threads_per_core": 1,
            "credit_specification": [
              {
                "cpu_credits": "standard"
              }
            ],
            "disable_api_stop": false,
            "disable_api_termination": false,
            "ebs_block_device": [],
            "ebs_optimized": false,
            "enclave_options": [
              {
                "enabled": false
              }
            ],
            "ephemeral_block_device": [],
            "get_password_data": false,
            "hibernation": false,
            "host_id": null,
            "host_resource_group_arn": null,
            "iam_instance_profile": "",
            "id": "i-05084e6278ec25416",
            "instance_initiated_shutdown_behavior": "stop",
            "instance_state": "running",
            "instance_type": "t2.medium",
            "ipv6_address_count": 0,
            "ipv6_addresses": [],
            "key_name": "kp-one",
            "launch_template": [],
            "maintenance_options": [
              {
                "auto_recovery": "default"
              }
            ],
            "metadata_options": [
              {
                "http_endpoint": "enabled",
                "http_put_response_hop_limit": 1,
                "http_tokens": "optional",
                "instance_metadata_tags": "disabled"
              }
            ],
            "monitoring": false,
            "network_interface": [],
            "outpost_arn": "",
            "password_data": "",
            "placement_group": "",
            "placement_partition_number": null,
            "primary_network_interface_id": "eni-0be280bd9bbe98d92",
            "private_dns": "ip-10-43-0-12.eu-central-1.compute.internal",
            "private_dns_name_options": [
              {
                "enable_resource_name_dns_a_record": false,
                "enable_resource_name_dns_aaaa_record": false,
                "hostname_type": "ip-name"
              }
            ],
            "private_ip": "10.43.0.12",
            "public_dns": "ec2-52-58-199-49.eu-central-1.compute.amazonaws.com",
            "public_ip": "52.58.199.49",
            "root_block_device": [
              {
                "delete_on_termination": true,
                "device_name": "/dev/sda1",
                "encrypted": false,
                "iops": 100,
                "kms_key_id": "",
                "tags": {},
                "throughput": 0,
                "volume_id": "vol-0ff83540e8ad3fcaf",
                "volume_size": 8,
                "volume_type": "gp2"
              }
            ],
            "secondary_private_ips": [],
            "security_groups": [],
            "source_dest_check": true,
            "subnet_id": "subnet-06fc80ae13bd27493",
            "tags": {
              "Name": "etcd-2",
              "Owner": "Dvir Gross",
              "ansibleFilter": "Kubernetes01",
              "ansibleNodeName": "etcd2",
              "ansibleNodeType": "etcd",
              "bootcamp": "16",
              "expiration_date": "x.x.x"
            },
            "tags_all": {
              "Name": "etcd-2",
              "Owner": "Dvir Gross",
              "ansibleFilter": "Kubernetes01",
              "ansibleNodeName": "etcd2",
              "ansibleNodeType": "etcd",
              "bootcamp": "16",
              "expiration_date": "x.x.x"
            },
            "tenancy": "default",
            "timeouts": null,
            "user_data": null,
            "user_data_base64": null,
            "user_data_replace_on_change": false,
            "volume_tags": null,
            "vpc_security_group_ids": [
              "sg-0f39c900bb3ec8d1d"
            ]
          },
          "sensitive_attributes": [],
          "private": "eyJlMmJmYjczMC1lY2FhLTExZTYtOGY4OC0zNDM2M2JjN2M0YzAiOnsiY3JlYXRlIjo2MDAwMDAwMDAwMDAsImRlbGV0ZSI6MTIwMDAwMDAwMDAwMCwidXBkYXRlIjo2MDAwMDAwMDAwMDB9LCJzY2hlbWFfdmVyc2lvbiI6IjEifQ==",
          "dependencies": [
            "module.network.aws_security_group.k8s_api",
            "module.network.aws_subnet.k8s",
            "module.network.aws_vpc.k8s"
          ]
        }
      ]
    },
    {
      "module": "module.cluster",
      "mode": "managed",
      "type": "aws_instance",
      "name": "worker",
      "provider": "provider[\"registry.terraform.io/hashicorp/aws\"]",
      "instances": [
        {
          "index_key": 0,
          "schema_version": 1,
          "attributes": {
            "ami": "ami-0ec7f9846da6b0f61",
            "arn": "arn:aws:ec2:eu-central-1:839821061981:instance/i-0cc5531e25bb91108",
            "associate_public_ip_address": true,
            "availability_zone": "eu-central-1a",
            "capacity_reservation_specification": [
              {
                "capacity_reservation_preference": "open",
                "capacity_reservation_target": []
              }
            ],
            "cpu_core_count": 2,
            "cpu_threads_per_core": 1,
            "credit_specification": [
              {
                "cpu_credits": "standard"
              }
            ],
            "disable_api_stop": false,
            "disable_api_termination": false,
            "ebs_block_device": [],
            "ebs_optimized": false,
            "enclave_options": [
              {
                "enabled": false
              }
            ],
            "ephemeral_block_device": [],
            "get_password_data": false,
            "hibernation": false,
            "host_id": null,
            "host_resource_group_arn": null,
            "iam_instance_profile": "",
            "id": "i-0cc5531e25bb91108",
            "instance_initiated_shutdown_behavior": "stop",
            "instance_state": "running",
            "instance_type": "t2.medium",
            "ipv6_address_count": 0,
            "ipv6_addresses": [],
            "key_name": "kp-one",
            "launch_template": [],
            "maintenance_options": [
              {
                "auto_recovery": "default"
              }
            ],
            "metadata_options": [
              {
                "http_endpoint": "enabled",
                "http_put_response_hop_limit": 1,
                "http_tokens": "optional",
                "instance_metadata_tags": "disabled"
              }
            ],
            "monitoring": false,
            "network_interface": [],
            "outpost_arn": "",
            "password_data": "",
            "placement_group": "",
            "placement_partition_number": null,
            "primary_network_interface_id": "eni-083e6d30254aeef9f",
            "private_dns": "ip-10-43-0-30.eu-central-1.compute.internal",
            "private_dns_name_options": [
              {
                "enable_resource_name_dns_a_record": false,
                "enable_resource_name_dns_aaaa_record": false,
                "hostname_type": "ip-name"
              }
            ],
            "private_ip": "10.43.0.30",
            "public_dns": "ec2-18-192-107-253.eu-central-1.compute.amazonaws.com",
            "public_ip": "18.192.107.253",
            "root_block_device": [
              {
                "delete_on_termination": true,
                "device_name": "/dev/sda1",
                "encrypted": false,
                "iops": 100,
                "kms_key_id": "",
                "tags": {},
                "throughput": 0,
                "volume_id": "vol-05e4274f329041109",
                "volume_size": 8,
                "volume_type": "gp2"
              }
            ],
            "secondary_private_ips": [],
            "security_groups": [],
            "source_dest_check": false,
            "subnet_id": "subnet-06fc80ae13bd27493",
            "tags": {
              "Name": "worker-0",
              "Owner": "Dvir Gross",
              "ansibleFilter": "Kubernetes01",
              "ansibleNodeName": "worker0",
              "ansibleNodeType": "worker",
              "bootcamp": "16",
              "expiration_date": "x.x.x"
            },
            "tags_all": {
              "Name": "worker-0",
              "Owner": "Dvir Gross",
              "ansibleFilter": "Kubernetes01",
              "ansibleNodeName": "worker0",
              "ansibleNodeType": "worker",
              "bootcamp": "16",
              "expiration_date": "x.x.x"
            },
            "tenancy": "default",
            "timeouts": null,
            "user_data": null,
            "user_data_base64": null,
            "user_data_replace_on_change": false,
            "volume_tags": null,
            "vpc_security_group_ids": [
              "sg-0a0b7f2a72c9e5507"
            ]
          },
          "sensitive_attributes": [],
          "private": "eyJlMmJmYjczMC1lY2FhLTExZTYtOGY4OC0zNDM2M2JjN2M0YzAiOnsiY3JlYXRlIjo2MDAwMDAwMDAwMDAsImRlbGV0ZSI6MTIwMDAwMDAwMDAwMCwidXBkYXRlIjo2MDAwMDAwMDAwMDB9LCJzY2hlbWFfdmVyc2lvbiI6IjEifQ==",
          "dependencies": [
            "module.network.aws_security_group.k8s",
            "module.network.aws_security_group.k8s_api",
            "module.network.aws_subnet.k8s",
            "module.network.aws_vpc.k8s"
          ]
        },
        {
          "index_key": 1,
          "schema_version": 1,
          "attributes": {
            "ami": "ami-0ec7f9846da6b0f61",
            "arn": "arn:aws:ec2:eu-central-1:839821061981:instance/i-05be2ec44ad603781",
            "associate_public_ip_address": true,
            "availability_zone": "eu-central-1a",
            "capacity_reservation_specification": [
              {
                "capacity_reservation_preference": "open",
                "capacity_reservation_target": []
              }
            ],
            "cpu_core_count": 2,
            "cpu_threads_per_core": 1,
            "credit_specification": [
              {
                "cpu_credits": "standard"
              }
            ],
            "disable_api_stop": false,
            "disable_api_termination": false,
            "ebs_block_device": [],
            "ebs_optimized": false,
            "enclave_options": [
              {
                "enabled": false
              }
            ],
            "ephemeral_block_device": [],
            "get_password_data": false,
            "hibernation": false,
            "host_id": null,
            "host_resource_group_arn": null,
            "iam_instance_profile": "",
            "id": "i-05be2ec44ad603781",
            "instance_initiated_shutdown_behavior": "stop",
            "instance_state": "running",
            "instance_type": "t2.medium",
            "ipv6_address_count": 0,
            "ipv6_addresses": [],
            "key_name": "kp-one",
            "launch_template": [],
            "maintenance_options": [
              {
                "auto_recovery": "default"
              }
            ],
            "metadata_options": [
              {
                "http_endpoint": "enabled",
                "http_put_response_hop_limit": 1,
                "http_tokens": "optional",
                "instance_metadata_tags": "disabled"
              }
            ],
            "monitoring": false,
            "network_interface": [],
            "outpost_arn": "",
            "password_data": "",
            "placement_group": "",
            "placement_partition_number": null,
            "primary_network_interface_id": "eni-00eef2313481f282b",
            "private_dns": "ip-10-43-0-31.eu-central-1.compute.internal",
            "private_dns_name_options": [
              {
                "enable_resource_name_dns_a_record": false,
                "enable_resource_name_dns_aaaa_record": false,
                "hostname_type": "ip-name"
              }
            ],
            "private_ip": "10.43.0.31",
            "public_dns": "ec2-3-126-116-151.eu-central-1.compute.amazonaws.com",
            "public_ip": "3.126.116.151",
            "root_block_device": [
              {
                "delete_on_termination": true,
                "device_name": "/dev/sda1",
                "encrypted": false,
                "iops": 100,
                "kms_key_id": "",
                "tags": {},
                "throughput": 0,
                "volume_id": "vol-049b1746ef83fd58e",
                "volume_size": 8,
                "volume_type": "gp2"
              }
            ],
            "secondary_private_ips": [],
            "security_groups": [],
            "source_dest_check": false,
            "subnet_id": "subnet-06fc80ae13bd27493",
            "tags": {
              "Name": "worker-1",
              "Owner": "Dvir Gross",
              "ansibleFilter": "Kubernetes01",
              "ansibleNodeName": "worker1",
              "ansibleNodeType": "worker",
              "bootcamp": "16",
              "expiration_date": "x.x.x"
            },
            "tags_all": {
              "Name": "worker-1",
              "Owner": "Dvir Gross",
              "ansibleFilter": "Kubernetes01",
              "ansibleNodeName": "worker1",
              "ansibleNodeType": "worker",
              "bootcamp": "16",
              "expiration_date": "x.x.x"
            },
            "tenancy": "default",
            "timeouts": null,
            "user_data": null,
            "user_data_base64": null,
            "user_data_replace_on_change": false,
            "volume_tags": null,
            "vpc_security_group_ids": [
              "sg-0a0b7f2a72c9e5507"
            ]
          },
          "sensitive_attributes": [],
          "private": "eyJlMmJmYjczMC1lY2FhLTExZTYtOGY4OC0zNDM2M2JjN2M0YzAiOnsiY3JlYXRlIjo2MDAwMDAwMDAwMDAsImRlbGV0ZSI6MTIwMDAwMDAwMDAwMCwidXBkYXRlIjo2MDAwMDAwMDAwMDB9LCJzY2hlbWFfdmVyc2lvbiI6IjEifQ==",
          "dependencies": [
            "module.network.aws_security_group.k8s",
            "module.network.aws_security_group.k8s_api",
            "module.network.aws_subnet.k8s",
            "module.network.aws_vpc.k8s"
          ]
        },
        {
          "index_key": 2,
          "schema_version": 1,
          "attributes": {
            "ami": "ami-0ec7f9846da6b0f61",
            "arn": "arn:aws:ec2:eu-central-1:839821061981:instance/i-0a4215f3c8b2805ec",
            "associate_public_ip_address": true,
            "availability_zone": "eu-central-1a",
            "capacity_reservation_specification": [
              {
                "capacity_reservation_preference": "open",
                "capacity_reservation_target": []
              }
            ],
            "cpu_core_count": 2,
            "cpu_threads_per_core": 1,
            "credit_specification": [
              {
                "cpu_credits": "standard"
              }
            ],
            "disable_api_stop": false,
            "disable_api_termination": false,
            "ebs_block_device": [],
            "ebs_optimized": false,
            "enclave_options": [
              {
                "enabled": false
              }
            ],
            "ephemeral_block_device": [],
            "get_password_data": false,
            "hibernation": false,
            "host_id": null,
            "host_resource_group_arn": null,
            "iam_instance_profile": "",
            "id": "i-0a4215f3c8b2805ec",
            "instance_initiated_shutdown_behavior": "stop",
            "instance_state": "running",
            "instance_type": "t2.medium",
            "ipv6_address_count": 0,
            "ipv6_addresses": [],
            "key_name": "kp-one",
            "launch_template": [],
            "maintenance_options": [
              {
                "auto_recovery": "default"
              }
            ],
            "metadata_options": [
              {
                "http_endpoint": "enabled",
                "http_put_response_hop_limit": 1,
                "http_tokens": "optional",
                "instance_metadata_tags": "disabled"
              }
            ],
            "monitoring": false,
            "network_interface": [],
            "outpost_arn": "",
            "password_data": "",
            "placement_group": "",
            "placement_partition_number": null,
            "primary_network_interface_id": "eni-0c23c4dca48b9aa47",
            "private_dns": "ip-10-43-0-32.eu-central-1.compute.internal",
            "private_dns_name_options": [
              {
                "enable_resource_name_dns_a_record": false,
                "enable_resource_name_dns_aaaa_record": false,
                "hostname_type": "ip-name"
              }
            ],
            "private_ip": "10.43.0.32",
            "public_dns": "ec2-52-59-197-25.eu-central-1.compute.amazonaws.com",
            "public_ip": "52.59.197.25",
            "root_block_device": [
              {
                "delete_on_termination": true,
                "device_name": "/dev/sda1",
                "encrypted": false,
                "iops": 100,
                "kms_key_id": "",
                "tags": {},
                "throughput": 0,
                "volume_id": "vol-0814f65e4d86bf3a8",
                "volume_size": 8,
                "volume_type": "gp2"
              }
            ],
            "secondary_private_ips": [],
            "security_groups": [],
            "source_dest_check": false,
            "subnet_id": "subnet-06fc80ae13bd27493",
            "tags": {
              "Name": "worker-2",
              "Owner": "Dvir Gross",
              "ansibleFilter": "Kubernetes01",
              "ansibleNodeName": "worker2",
              "ansibleNodeType": "worker",
              "bootcamp": "16",
              "expiration_date": "x.x.x"
            },
            "tags_all": {
              "Name": "worker-2",
              "Owner": "Dvir Gross",
              "ansibleFilter": "Kubernetes01",
              "ansibleNodeName": "worker2",
              "ansibleNodeType": "worker",
              "bootcamp": "16",
              "expiration_date": "x.x.x"
            },
            "tenancy": "default",
            "timeouts": null,
            "user_data": null,
            "user_data_base64": null,
            "user_data_replace_on_change": false,
            "volume_tags": null,
            "vpc_security_group_ids": [
              "sg-0a0b7f2a72c9e5507"
            ]
          },
          "sensitive_attributes": [],
          "private": "eyJlMmJmYjczMC1lY2FhLTExZTYtOGY4OC0zNDM2M2JjN2M0YzAiOnsiY3JlYXRlIjo2MDAwMDAwMDAwMDAsImRlbGV0ZSI6MTIwMDAwMDAwMDAwMCwidXBkYXRlIjo2MDAwMDAwMDAwMDB9LCJzY2hlbWFfdmVyc2lvbiI6IjEifQ==",
          "dependencies": [
            "module.network.aws_security_group.k8s",
            "module.network.aws_security_group.k8s_api",
            "module.network.aws_subnet.k8s",
            "module.network.aws_vpc.k8s"
          ]
        }
      ]
    },
    {
      "module": "module.iam",
      "mode": "managed",
      "type": "aws_iam_instance_profile",
      "name": "k8s",
      "provider": "provider[\"registry.terraform.io/hashicorp/aws\"]",
      "instances": [
        {
          "schema_version": 0,
          "attributes": {
            "arn": "arn:aws:iam::839821061981:instance-profile/kubernetes",
            "create_date": "2023-04-03T17:59:00Z",
            "id": "kubernetes",
            "name": "kubernetes",
            "name_prefix": null,
            "path": "/",
            "role": "kubernetes",
            "tags": null,
            "tags_all": {},
            "unique_id": "AIPA4HCJ4N5OXHWOCU2ZN"
          },
          "sensitive_attributes": [],
          "private": "bnVsbA==",
          "dependencies": [
            "module.iam.aws_iam_role.k8s"
          ]
        }
      ]
    },
    {
      "module": "module.iam",
      "mode": "managed",
      "type": "aws_iam_role",
      "name": "k8s",
      "provider": "provider[\"registry.terraform.io/hashicorp/aws\"]",
      "instances": [
        {
          "schema_version": 0,
          "attributes": {
            "arn": "arn:aws:iam::839821061981:role/kubernetes",
            "assume_role_policy": "{\"Statement\":[{\"Action\":\"sts:AssumeRole\",\"Effect\":\"Allow\",\"Principal\":{\"Service\":\"ec2.amazonaws.com\"}}],\"Version\":\"2012-10-17\"}",
            "create_date": "2023-04-03T17:58:58Z",
            "description": "",
            "force_detach_policies": false,
            "id": "kubernetes",
            "inline_policy": [],
            "managed_policy_arns": [],
            "max_session_duration": 3600,
            "name": "kubernetes",
            "name_prefix": "",
            "path": "/",
            "permissions_boundary": null,
            "tags": null,
            "tags_all": {},
            "unique_id": "AROA4HCJ4N5O26DSUGVVF"
          },
          "sensitive_attributes": [],
          "private": "bnVsbA=="
        }
      ]
    },
    {
      "module": "module.iam",
      "mode": "managed",
      "type": "aws_iam_role_policy",
      "name": "k8s",
      "provider": "provider[\"registry.terraform.io/hashicorp/aws\"]",
      "instances": [
        {
          "schema_version": 0,
          "attributes": {
            "id": "kubernetes:kubernetes",
            "name": "kubernetes",
            "name_prefix": null,
            "policy": "{\n  \"Version\": \"2012-10-17\",\n  \"Statement\": [\n    {\n      \"Action\" : [\"ec2:*\"],\n      \"Effect\": \"Allow\",\n      \"Resource\": [\"*\"]\n    },\n    {\n      \"Action\" : [\"elasticloadbalancing:*\"],\n      \"Effect\": \"Allow\",\n      \"Resource\": [\"*\"]\n    },\n    {\n      \"Action\": \"route53:*\",\n      \"Effect\": \"Allow\",\n      \"Resource\": [\"*\"]\n    },\n    {\n      \"Action\": \"ecr:*\",\n      \"Effect\": \"Allow\",\n      \"Resource\": \"*\"\n    }\n  ]\n}\n",
            "role": "kubernetes"
          },
          "sensitive_attributes": [],
          "private": "bnVsbA==",
          "dependencies": [
            "module.iam.aws_iam_role.k8s"
          ]
        }
      ]
    },
    {
      "module": "module.network",
      "mode": "managed",
      "type": "aws_internet_gateway",
      "name": "gw",
      "provider": "provider[\"registry.terraform.io/hashicorp/aws\"]",
      "instances": [
        {
          "schema_version": 0,
          "attributes": {
            "arn": "arn:aws:ec2:eu-central-1:839821061981:internet-gateway/igw-09a6d06d894592e1b",
            "id": "igw-09a6d06d894592e1b",
            "owner_id": "839821061981",
            "tags": {
              "Name": "kubernetes",
              "Owner": "Dvir Gross",
              "bootcamp": "16",
              "expiration_date": "x.x.x"
            },
            "tags_all": {
              "Name": "kubernetes",
              "Owner": "Dvir Gross",
              "bootcamp": "16",
              "expiration_date": "x.x.x"
            },
            "timeouts": null,
            "vpc_id": "vpc-01cb1a212b6f01e06"
          },
          "sensitive_attributes": [],
          "private": "eyJlMmJmYjczMC1lY2FhLTExZTYtOGY4OC0zNDM2M2JjN2M0YzAiOnsiY3JlYXRlIjoxMjAwMDAwMDAwMDAwLCJkZWxldGUiOjEyMDAwMDAwMDAwMDAsInVwZGF0ZSI6MTIwMDAwMDAwMDAwMH19",
          "dependencies": [
            "module.network.aws_vpc.k8s"
          ]
        }
      ]
    },
    {
      "module": "module.network",
      "mode": "managed",
      "type": "aws_key_pair",
      "name": "default_keypair",
      "provider": "provider[\"registry.terraform.io/hashicorp/aws\"]",
      "instances": [
        {
          "schema_version": 1,
          "attributes": {
            "arn": "arn:aws:ec2:eu-central-1:839821061981:key-pair/kp-one",
            "fingerprint": "a6:50:d5:92:78:1a:e6:b2:a6:7c:fe:0c:60:b7:2d:c7",
            "id": "kp-one",
            "key_name": "kp-one",
            "key_name_prefix": "",
            "key_pair_id": "key-0b8495d2664e6bd74",
            "key_type": "rsa",
            "public_key": "ssh-rsa AAAAB3NzaC1yc2EAAAADAQABAAABgQCmI+/POIw5Gg1ZggK68Zt+ftLOvYdXcz1Q4rdRaEtVeHgX5uXjPuWvaEhqZ33tcZtxpgvv/vxBLhokLgP7nC7LdTJL2G91xbZikp+b/Y0uXG4COETkOneB5BqMhUJD3qUSgc+PzOMmrNGcz+rzHXLfWQzIWYWdq8yxcbwkmZgbyg9AvFlFCJr3k8nDjPzFRWnjRNd9dxdarx6TtJiDsKz5EaEfaczqno9OOM73X0t0djlRXzRT5zJiuwK8tk7SxW19NBxvp/jwg684ivcV/xind/t8I4mLe71tKxYOLg0R7mIM/4C13IdZ9OhucIfbgMsO31vLDwd1VPuaHA+lIuRvOshaG8klANIGxfGMZxhVb07K95fpCJz1GY+cR4oEvd3DOxIqRrBzFg4LoS53aTj69XearPw8ZHsBaXCpcUEHHSmpvTkWUtWponuZotJsvUUQ1wyRKPTQFAIFfi6WtiCwazMjsXyPlwDiUjYl7BXJUGc9CByL2DDpbUwOXJpPTYU= dvir@vivobook",
            "tags": null,
            "tags_all": {}
          },
          "sensitive_attributes": [],
          "private": "eyJzY2hlbWFfdmVyc2lvbiI6IjEifQ=="
        }
      ]
    },
    {
      "module": "module.network",
      "mode": "managed",
      "type": "aws_route_table",
      "name": "k8s",
      "provider": "provider[\"registry.terraform.io/hashicorp/aws\"]",
      "instances": [
        {
          "schema_version": 0,
          "attributes": {
            "arn": "arn:aws:ec2:eu-central-1:839821061981:route-table/rtb-04ab6f72c0a516228",
            "id": "rtb-04ab6f72c0a516228",
            "owner_id": "839821061981",
            "propagating_vgws": [],
            "route": [
              {
                "carrier_gateway_id": "",
                "cidr_block": "0.0.0.0/0",
                "core_network_arn": "",
                "destination_prefix_list_id": "",
                "egress_only_gateway_id": "",
                "gateway_id": "igw-09a6d06d894592e1b",
                "instance_id": "",
                "ipv6_cidr_block": "",
                "local_gateway_id": "",
                "nat_gateway_id": "",
                "network_interface_id": "",
                "transit_gateway_id": "",
                "vpc_endpoint_id": "",
                "vpc_peering_connection_id": ""
              }
            ],
            "tags": {
              "Name": "kubernetes",
              "Owner": "Dvir Gross",
              "bootcamp": "16",
              "expiration_date": "x.x.x"
            },
            "tags_all": {
              "Name": "kubernetes",
              "Owner": "Dvir Gross",
              "bootcamp": "16",
              "expiration_date": "x.x.x"
            },
            "timeouts": null,
            "vpc_id": "vpc-01cb1a212b6f01e06"
          },
          "sensitive_attributes": [],
          "private": "eyJlMmJmYjczMC1lY2FhLTExZTYtOGY4OC0zNDM2M2JjN2M0YzAiOnsiY3JlYXRlIjozMDAwMDAwMDAwMDAsImRlbGV0ZSI6MzAwMDAwMDAwMDAwLCJ1cGRhdGUiOjEyMDAwMDAwMDAwMH19",
          "dependencies": [
            "module.network.aws_internet_gateway.gw",
            "module.network.aws_vpc.k8s"
          ]
        }
      ]
    },
    {
      "module": "module.network",
      "mode": "managed",
      "type": "aws_route_table_association",
      "name": "k8s",
      "provider": "provider[\"registry.terraform.io/hashicorp/aws\"]",
      "instances": [
        {
          "schema_version": 0,
          "attributes": {
            "gateway_id": "",
            "id": "rtbassoc-0a43474950cdf7925",
            "route_table_id": "rtb-04ab6f72c0a516228",
            "subnet_id": "subnet-06fc80ae13bd27493"
          },
          "sensitive_attributes": [],
          "private": "bnVsbA==",
          "dependencies": [
            "module.network.aws_internet_gateway.gw",
            "module.network.aws_route_table.k8s",
            "module.network.aws_subnet.k8s",
            "module.network.aws_vpc.k8s"
          ]
        }
      ]
    },
    {
      "module": "module.network",
      "mode": "managed",
      "type": "aws_security_group",
      "name": "k8s",
      "provider": "provider[\"registry.terraform.io/hashicorp/aws\"]",
      "instances": [
        {
          "schema_version": 1,
          "attributes": {
            "arn": "arn:aws:ec2:eu-central-1:839821061981:security-group/sg-0a0b7f2a72c9e5507",
            "description": "Managed by Terraform",
            "egress": [
              {
                "cidr_blocks": [
                  "0.0.0.0/0"
                ],
                "description": "",
                "from_port": 0,
                "ipv6_cidr_blocks": [],
                "prefix_list_ids": [],
                "protocol": "-1",
                "security_groups": [],
                "self": false,
                "to_port": 0
              }
            ],
            "id": "sg-0a0b7f2a72c9e5507",
            "ingress": [
              {
                "cidr_blocks": [
                  "10.43.0.0/16"
                ],
                "description": "",
                "from_port": 0,
                "ipv6_cidr_blocks": [],
                "prefix_list_ids": [],
                "protocol": "-1",
                "security_groups": [],
                "self": false,
                "to_port": 0
              },
              {
                "cidr_blocks": [
                  "147.235.205.46/32"
                ],
                "description": "",
                "from_port": 0,
                "ipv6_cidr_blocks": [],
                "prefix_list_ids": [],
                "protocol": "-1",
                "security_groups": [],
                "self": false,
                "to_port": 0
              },
              {
                "cidr_blocks": [
                  "147.235.205.46/32"
                ],
                "description": "",
                "from_port": 8,
                "ipv6_cidr_blocks": [],
                "prefix_list_ids": [],
                "protocol": "icmp",
                "security_groups": [],
                "self": false,
                "to_port": 0
              },
              {
                "cidr_blocks": [],
                "description": "",
                "from_port": 0,
                "ipv6_cidr_blocks": [],
                "prefix_list_ids": [],
                "protocol": "-1",
                "security_groups": [
                  "sg-0f39c900bb3ec8d1d"
                ],
                "self": false,
                "to_port": 0
              }
            ],
            "name": "k8s",
            "name_prefix": "",
            "owner_id": "839821061981",
            "revoke_rules_on_delete": false,
            "tags": {
              "Name": "kubernes",
              "Owner": "Dvir Gross",
              "bootcamp": "16",
              "expiration_date": "x.x.x"
            },
            "tags_all": {
              "Name": "kubernes",
              "Owner": "Dvir Gross",
              "bootcamp": "16",
              "expiration_date": "x.x.x"
            },
            "timeouts": null,
            "vpc_id": "vpc-01cb1a212b6f01e06"
          },
          "sensitive_attributes": [],
          "private": "eyJlMmJmYjczMC1lY2FhLTExZTYtOGY4OC0zNDM2M2JjN2M0YzAiOnsiY3JlYXRlIjo2MDAwMDAwMDAwMDAsImRlbGV0ZSI6OTAwMDAwMDAwMDAwfSwic2NoZW1hX3ZlcnNpb24iOiIxIn0=",
          "dependencies": [
            "module.network.aws_security_group.k8s_api",
            "module.network.aws_vpc.k8s"
          ]
        }
      ]
    },
    {
      "module": "module.network",
      "mode": "managed",
      "type": "aws_security_group",
      "name": "k8s_api",
      "provider": "provider[\"registry.terraform.io/hashicorp/aws\"]",
      "instances": [
        {
          "schema_version": 1,
          "attributes": {
            "arn": "arn:aws:ec2:eu-central-1:839821061981:security-group/sg-0f39c900bb3ec8d1d",
            "description": "Managed by Terraform",
            "egress": [
              {
                "cidr_blocks": [
                  "0.0.0.0/0"
                ],
                "description": "",
                "from_port": 0,
                "ipv6_cidr_blocks": [],
                "prefix_list_ids": [],
                "protocol": "-1",
                "security_groups": [],
                "self": false,
                "to_port": 0
              }
            ],
            "id": "sg-0f39c900bb3ec8d1d",
            "ingress": [
              {
                "cidr_blocks": [
                  "147.235.205.46/32"
                ],
                "description": "",
                "from_port": 6443,
                "ipv6_cidr_blocks": [],
                "prefix_list_ids": [],
                "protocol": "tcp",
                "security_groups": [],
                "self": false,
                "to_port": 6443
              }
            ],
            "name": "k8s-api",
            "name_prefix": "",
            "owner_id": "839821061981",
            "revoke_rules_on_delete": false,
            "tags": {
              "Name": "kubernetes-api",
              "Owner": "Dvir Gross",
              "bootcamp": "16",
              "expiration_date": "x.x.x"
            },
            "tags_all": {
              "Name": "kubernetes-api",
              "Owner": "Dvir Gross",
              "bootcamp": "16",
              "expiration_date": "x.x.x"
            },
            "timeouts": null,
            "vpc_id": "vpc-01cb1a212b6f01e06"
          },
          "sensitive_attributes": [],
          "private": "eyJlMmJmYjczMC1lY2FhLTExZTYtOGY4OC0zNDM2M2JjN2M0YzAiOnsiY3JlYXRlIjo2MDAwMDAwMDAwMDAsImRlbGV0ZSI6OTAwMDAwMDAwMDAwfSwic2NoZW1hX3ZlcnNpb24iOiIxIn0=",
          "dependencies": [
            "module.network.aws_vpc.k8s"
          ]
        }
      ]
    },
    {
      "module": "module.network",
      "mode": "managed",
      "type": "aws_subnet",
      "name": "k8s",
      "provider": "provider[\"registry.terraform.io/hashicorp/aws\"]",
      "instances": [
        {
          "schema_version": 1,
          "attributes": {
            "arn": "arn:aws:ec2:eu-central-1:839821061981:subnet/subnet-06fc80ae13bd27493",
            "assign_ipv6_address_on_creation": false,
            "availability_zone": "eu-central-1a",
            "availability_zone_id": "euc1-az2",
            "cidr_block": "10.43.0.0/16",
            "customer_owned_ipv4_pool": "",
            "enable_dns64": false,
            "enable_resource_name_dns_a_record_on_launch": false,
            "enable_resource_name_dns_aaaa_record_on_launch": false,
            "id": "subnet-06fc80ae13bd27493",
            "ipv6_cidr_block": "",
            "ipv6_cidr_block_association_id": "",
            "ipv6_native": false,
            "map_customer_owned_ip_on_launch": false,
            "map_public_ip_on_launch": false,
            "outpost_arn": "",
            "owner_id": "839821061981",
            "private_dns_hostname_type_on_launch": "ip-name",
            "tags": {
              "Name": "kubernetes",
              "Owner": "Dvir Gross",
              "bootcamp": "16",
              "expiration_date": "x.x.x"
            },
            "tags_all": {
              "Name": "kubernetes",
              "Owner": "Dvir Gross",
              "bootcamp": "16",
              "expiration_date": "x.x.x"
            },
            "timeouts": null,
            "vpc_id": "vpc-01cb1a212b6f01e06"
          },
          "sensitive_attributes": [],
          "private": "eyJlMmJmYjczMC1lY2FhLTExZTYtOGY4OC0zNDM2M2JjN2M0YzAiOnsiY3JlYXRlIjo2MDAwMDAwMDAwMDAsImRlbGV0ZSI6MTIwMDAwMDAwMDAwMH0sInNjaGVtYV92ZXJzaW9uIjoiMSJ9",
          "dependencies": [
            "module.network.aws_vpc.k8s"
          ]
        }
      ]
    },
    {
      "module": "module.network",
      "mode": "managed",
      "type": "aws_vpc",
      "name": "k8s",
      "provider": "provider[\"registry.terraform.io/hashicorp/aws\"]",
      "instances": [
        {
          "schema_version": 1,
          "attributes": {
            "arn": "arn:aws:ec2:eu-central-1:839821061981:vpc/vpc-01cb1a212b6f01e06",
            "assign_generated_ipv6_cidr_block": false,
            "cidr_block": "10.43.0.0/16",
            "default_network_acl_id": "acl-0ba766ba091115821",
            "default_route_table_id": "rtb-0cc4a9d686abe7439",
            "default_security_group_id": "sg-0c471c93e65118740",
            "dhcp_options_id": "dopt-0313a64657c4e833a",
            "enable_classiclink": false,
            "enable_classiclink_dns_support": false,
            "enable_dns_hostnames": true,
            "enable_dns_support": true,
            "enable_network_address_usage_metrics": false,
            "id": "vpc-01cb1a212b6f01e06",
            "instance_tenancy": "default",
            "ipv4_ipam_pool_id": null,
            "ipv4_netmask_length": null,
            "ipv6_association_id": "",
            "ipv6_cidr_block": "",
            "ipv6_cidr_block_network_border_group": "",
            "ipv6_ipam_pool_id": "",
            "ipv6_netmask_length": 0,
            "main_route_table_id": "rtb-0cc4a9d686abe7439",
            "owner_id": "839821061981",
            "tags": {
              "Name": "kubernetes",
              "Owner": "Dvir Gross",
              "bootcamp": "16",
              "expiration_date": "x.x.x"
            },
            "tags_all": {
              "Name": "kubernetes",
              "Owner": "Dvir Gross",
              "bootcamp": "16",
              "expiration_date": "x.x.x"
            }
          },
          "sensitive_attributes": [],
          "private": "eyJzY2hlbWFfdmVyc2lvbiI6IjEifQ=="
        }
      ]
    },
    {
      "module": "module.network",
      "mode": "managed",
      "type": "aws_vpc_dhcp_options",
      "name": "dns_resolver",
      "provider": "provider[\"registry.terraform.io/hashicorp/aws\"]",
      "instances": [
        {
          "schema_version": 0,
          "attributes": {
            "arn": "arn:aws:ec2:eu-central-1:839821061981:dhcp-options/dopt-0f5e8ad44a5639eb2",
            "domain_name": "eu-central-1.compute.internal",
            "domain_name_servers": [
              "AmazonProvidedDNS"
            ],
            "id": "dopt-0f5e8ad44a5639eb2",
            "netbios_name_servers": null,
            "netbios_node_type": "",
            "ntp_servers": null,
            "owner_id": "839821061981",
            "tags": {
              "Name": "kubernetes",
              "Owner": "Dvir Gross",
              "bootcamp": "16",
              "expiration_date": "x.x.x"
            },
            "tags_all": {
              "Name": "kubernetes",
              "Owner": "Dvir Gross",
              "bootcamp": "16",
              "expiration_date": "x.x.x"
            }
          },
          "sensitive_attributes": [],
          "private": "bnVsbA=="
        }
      ]
    },
    {
      "module": "module.network",
      "mode": "managed",
      "type": "aws_vpc_dhcp_options_association",
      "name": "dns_resolver",
      "provider": "provider[\"registry.terraform.io/hashicorp/aws\"]",
      "instances": [
        {
          "schema_version": 0,
          "attributes": {
            "dhcp_options_id": "dopt-0f5e8ad44a5639eb2",
            "id": "dopt-0f5e8ad44a5639eb2-vpc-01cb1a212b6f01e06",
            "vpc_id": "vpc-01cb1a212b6f01e06"
          },
          "sensitive_attributes": [],
          "private": "bnVsbA==",
          "dependencies": [
            "module.network.aws_vpc.k8s",
            "module.network.aws_vpc_dhcp_options.dns_resolver"
          ]
        }
      ]
    }
  ],
  "check_results": null
}
